# THIS IS AN AUTOGENERATED FILE. DO NOT EDIT THIS FILE DIRECTLY.
# yarn lockfile v1


"@esbuild/android-arm64@0.18.20":
  version "0.18.20"
  resolved "https://registry.yarnpkg.com/@esbuild/android-arm64/-/android-arm64-0.18.20.tgz#984b4f9c8d0377443cc2dfcef266d02244593622"
  integrity sha512-Nz4rJcchGDtENV0eMKUNa6L12zz2zBDXuhj/Vjh18zGqB44Bi7MBMSXjgunJgjRhCmKOjnPuZp4Mb6OKqtMHLQ==

"@esbuild/android-arm@0.18.20":
  version "0.18.20"
  resolved "https://registry.yarnpkg.com/@esbuild/android-arm/-/android-arm-0.18.20.tgz#fedb265bc3a589c84cc11f810804f234947c3682"
  integrity sha512-fyi7TDI/ijKKNZTUJAQqiG5T7YjJXgnzkURqmGj13C6dCqckZBLdl4h7bkhHt/t0WP+zO9/zwroDvANaOqO5Sw==

"@esbuild/android-x64@0.18.20":
  version "0.18.20"
  resolved "https://registry.yarnpkg.com/@esbuild/android-x64/-/android-x64-0.18.20.tgz#35cf419c4cfc8babe8893d296cd990e9e9f756f2"
  integrity sha512-8GDdlePJA8D6zlZYJV/jnrRAi6rOiNaCC/JclcXpB+KIuvfBN4owLtgzY2bsxnx666XjJx2kDPUmnTtR8qKQUg==

"@esbuild/darwin-arm64@0.18.20":
  version "0.18.20"
  resolved "https://registry.yarnpkg.com/@esbuild/darwin-arm64/-/darwin-arm64-0.18.20.tgz#08172cbeccf95fbc383399a7f39cfbddaeb0d7c1"
  integrity sha512-bxRHW5kHU38zS2lPTPOyuyTm+S+eobPUnTNkdJEfAddYgEcll4xkT8DB9d2008DtTbl7uJag2HuE5NZAZgnNEA==

"@esbuild/darwin-x64@0.18.20":
  version "0.18.20"
  resolved "https://registry.yarnpkg.com/@esbuild/darwin-x64/-/darwin-x64-0.18.20.tgz#d70d5790d8bf475556b67d0f8b7c5bdff053d85d"
  integrity sha512-pc5gxlMDxzm513qPGbCbDukOdsGtKhfxD1zJKXjCCcU7ju50O7MeAZ8c4krSJcOIJGFR+qx21yMMVYwiQvyTyQ==

"@esbuild/freebsd-arm64@0.18.20":
  version "0.18.20"
  resolved "https://registry.yarnpkg.com/@esbuild/freebsd-arm64/-/freebsd-arm64-0.18.20.tgz#98755cd12707f93f210e2494d6a4b51b96977f54"
  integrity sha512-yqDQHy4QHevpMAaxhhIwYPMv1NECwOvIpGCZkECn8w2WFHXjEwrBn3CeNIYsibZ/iZEUemj++M26W3cNR5h+Tw==

"@esbuild/freebsd-x64@0.18.20":
  version "0.18.20"
  resolved "https://registry.yarnpkg.com/@esbuild/freebsd-x64/-/freebsd-x64-0.18.20.tgz#c1eb2bff03915f87c29cece4c1a7fa1f423b066e"
  integrity sha512-tgWRPPuQsd3RmBZwarGVHZQvtzfEBOreNuxEMKFcd5DaDn2PbBxfwLcj4+aenoh7ctXcbXmOQIn8HI6mCSw5MQ==

"@esbuild/linux-arm64@0.18.20":
  version "0.18.20"
  resolved "https://registry.yarnpkg.com/@esbuild/linux-arm64/-/linux-arm64-0.18.20.tgz#bad4238bd8f4fc25b5a021280c770ab5fc3a02a0"
  integrity sha512-2YbscF+UL7SQAVIpnWvYwM+3LskyDmPhe31pE7/aoTMFKKzIc9lLbyGUpmmb8a8AixOL61sQ/mFh3jEjHYFvdA==

"@esbuild/linux-arm@0.18.20":
  version "0.18.20"
  resolved "https://registry.yarnpkg.com/@esbuild/linux-arm/-/linux-arm-0.18.20.tgz#3e617c61f33508a27150ee417543c8ab5acc73b0"
  integrity sha512-/5bHkMWnq1EgKr1V+Ybz3s1hWXok7mDFUMQ4cG10AfW3wL02PSZi5kFpYKrptDsgb2WAJIvRcDm+qIvXf/apvg==

"@esbuild/linux-ia32@0.18.20":
  version "0.18.20"
  resolved "https://registry.yarnpkg.com/@esbuild/linux-ia32/-/linux-ia32-0.18.20.tgz#699391cccba9aee6019b7f9892eb99219f1570a7"
  integrity sha512-P4etWwq6IsReT0E1KHU40bOnzMHoH73aXp96Fs8TIT6z9Hu8G6+0SHSw9i2isWrD2nbx2qo5yUqACgdfVGx7TA==

"@esbuild/linux-loong64@0.18.20":
  version "0.18.20"
  resolved "https://registry.yarnpkg.com/@esbuild/linux-loong64/-/linux-loong64-0.18.20.tgz#e6fccb7aac178dd2ffb9860465ac89d7f23b977d"
  integrity sha512-nXW8nqBTrOpDLPgPY9uV+/1DjxoQ7DoB2N8eocyq8I9XuqJ7BiAMDMf9n1xZM9TgW0J8zrquIb/A7s3BJv7rjg==

"@esbuild/linux-mips64el@0.18.20":
  version "0.18.20"
  resolved "https://registry.yarnpkg.com/@esbuild/linux-mips64el/-/linux-mips64el-0.18.20.tgz#eeff3a937de9c2310de30622a957ad1bd9183231"
  integrity sha512-d5NeaXZcHp8PzYy5VnXV3VSd2D328Zb+9dEq5HE6bw6+N86JVPExrA6O68OPwobntbNJ0pzCpUFZTo3w0GyetQ==

"@esbuild/linux-ppc64@0.18.20":
  version "0.18.20"
  resolved "https://registry.yarnpkg.com/@esbuild/linux-ppc64/-/linux-ppc64-0.18.20.tgz#2f7156bde20b01527993e6881435ad79ba9599fb"
  integrity sha512-WHPyeScRNcmANnLQkq6AfyXRFr5D6N2sKgkFo2FqguP44Nw2eyDlbTdZwd9GYk98DZG9QItIiTlFLHJHjxP3FA==

"@esbuild/linux-riscv64@0.18.20":
  version "0.18.20"
  resolved "https://registry.yarnpkg.com/@esbuild/linux-riscv64/-/linux-riscv64-0.18.20.tgz#6628389f210123d8b4743045af8caa7d4ddfc7a6"
  integrity sha512-WSxo6h5ecI5XH34KC7w5veNnKkju3zBRLEQNY7mv5mtBmrP/MjNBCAlsM2u5hDBlS3NGcTQpoBvRzqBcRtpq1A==

"@esbuild/linux-s390x@0.18.20":
  version "0.18.20"
  resolved "https://registry.yarnpkg.com/@esbuild/linux-s390x/-/linux-s390x-0.18.20.tgz#255e81fb289b101026131858ab99fba63dcf0071"
  integrity sha512-+8231GMs3mAEth6Ja1iK0a1sQ3ohfcpzpRLH8uuc5/KVDFneH6jtAJLFGafpzpMRO6DzJ6AvXKze9LfFMrIHVQ==

"@esbuild/linux-x64@0.18.20":
  version "0.18.20"
  resolved "https://registry.yarnpkg.com/@esbuild/linux-x64/-/linux-x64-0.18.20.tgz#c7690b3417af318a9b6f96df3031a8865176d338"
  integrity sha512-UYqiqemphJcNsFEskc73jQ7B9jgwjWrSayxawS6UVFZGWrAAtkzjxSqnoclCXxWtfwLdzU+vTpcNYhpn43uP1w==

"@esbuild/netbsd-x64@0.18.20":
  version "0.18.20"
  resolved "https://registry.yarnpkg.com/@esbuild/netbsd-x64/-/netbsd-x64-0.18.20.tgz#30e8cd8a3dded63975e2df2438ca109601ebe0d1"
  integrity sha512-iO1c++VP6xUBUmltHZoMtCUdPlnPGdBom6IrO4gyKPFFVBKioIImVooR5I83nTew5UOYrk3gIJhbZh8X44y06A==

"@esbuild/openbsd-x64@0.18.20":
  version "0.18.20"
  resolved "https://registry.yarnpkg.com/@esbuild/openbsd-x64/-/openbsd-x64-0.18.20.tgz#7812af31b205055874c8082ea9cf9ab0da6217ae"
  integrity sha512-e5e4YSsuQfX4cxcygw/UCPIEP6wbIL+se3sxPdCiMbFLBWu0eiZOJ7WoD+ptCLrmjZBK1Wk7I6D/I3NglUGOxg==

"@esbuild/sunos-x64@0.18.20":
  version "0.18.20"
  resolved "https://registry.yarnpkg.com/@esbuild/sunos-x64/-/sunos-x64-0.18.20.tgz#d5c275c3b4e73c9b0ecd38d1ca62c020f887ab9d"
  integrity sha512-kDbFRFp0YpTQVVrqUd5FTYmWo45zGaXe0X8E1G/LKFC0v8x0vWrhOWSLITcCn63lmZIxfOMXtCfti/RxN/0wnQ==

"@esbuild/win32-arm64@0.18.20":
  version "0.18.20"
  resolved "https://registry.yarnpkg.com/@esbuild/win32-arm64/-/win32-arm64-0.18.20.tgz#73bc7f5a9f8a77805f357fab97f290d0e4820ac9"
  integrity sha512-ddYFR6ItYgoaq4v4JmQQaAI5s7npztfV4Ag6NrhiaW0RrnOXqBkgwZLofVTlq1daVTQNhtI5oieTvkRPfZrePg==

"@esbuild/win32-ia32@0.18.20":
  version "0.18.20"
  resolved "https://registry.yarnpkg.com/@esbuild/win32-ia32/-/win32-ia32-0.18.20.tgz#ec93cbf0ef1085cc12e71e0d661d20569ff42102"
  integrity sha512-Wv7QBi3ID/rROT08SABTS7eV4hX26sVduqDOTe1MvGMjNd3EjOz4b7zeexIR62GTIEKrfJXKL9LFxTYgkyeu7g==

"@esbuild/win32-x64@0.18.20":
  version "0.18.20"
  resolved "https://registry.yarnpkg.com/@esbuild/win32-x64/-/win32-x64-0.18.20.tgz#786c5f41f043b07afb1af37683d7c33668858f6d"
  integrity sha512-kTdfRcSiDfQca/y9QIkng02avJ+NCaQvrMejlsB3RRv5sE9rRoeBPISaZpKxHELzRxZyLvNts1P27W3wV+8geQ==

"@pixi/accessibility@7.3.3":
  version "7.3.3"
  resolved "https://registry.yarnpkg.com/@pixi/accessibility/-/accessibility-7.3.3.tgz#651be8bb65be53d93b5b43c02473b7b528a2caab"
  integrity sha512-cHiIEP54RNqvPKmi45HvvnTbiWU+/lzdTY0zK7OXx3TmcEQRn2A7GZ1I+uxx476NeXGJtGSvv3copyxFjPB6Ew==

"@pixi/app@7.3.3":
  version "7.3.3"
  resolved "https://registry.yarnpkg.com/@pixi/app/-/app-7.3.3.tgz#c8d672f87a5715292dd202af7c3991ac237e744d"
  integrity sha512-MS5r/yU0CrWMPXXrgKAzgC2KC35Och8fT9z6J1XUCs7yHhdO8768rnSePJuzhj9Yaclv7PUpNQzh8rG9o/MzkQ==

"@pixi/assets@7.3.3":
  version "7.3.3"
  resolved "https://registry.yarnpkg.com/@pixi/assets/-/assets-7.3.3.tgz#7fee1beadf7b2111f8d37bbfe95e02497d77f412"
  integrity sha512-KcLXVehdJ2kc2bSnTfatLPLL6sLD7dwU+EZ5bWQ/PZDSsfML3kLFvq84VXd4k8LKNX4RCvfy4yeeIUW1o5tnMg==
  dependencies:
    "@types/css-font-loading-module" "^0.0.12"

"@pixi/color@7.3.3":
  version "7.3.3"
  resolved "https://registry.yarnpkg.com/@pixi/color/-/color-7.3.3.tgz#8f3905e2c81c51b89a22d9b5e94d51fb0bd64020"
  integrity sha512-IiiFhNIqXt7yULe0Wkq5Hn38ymDoEen/6EvV2y2AQIOu6TyuET5PGswAdMfG7ZjfwBaCudK6yQEUjWaXbgRUmw==
  dependencies:
    "@pixi/colord" "^2.9.6"

"@pixi/colord@^2.9.6":
  version "2.9.6"
  resolved "https://registry.yarnpkg.com/@pixi/colord/-/colord-2.9.6.tgz#7e4e7851480da6fd3cef4e331f008d60be7e1204"
  integrity sha512-nezytU2pw587fQstUu1AsJZDVEynjskwOL+kibwcdxsMBFqPsFFNA7xl0ii/gXuDi6M0xj3mfRJj8pBSc2jCfA==

"@pixi/compressed-textures@7.3.3":
  version "7.3.3"
  resolved "https://registry.yarnpkg.com/@pixi/compressed-textures/-/compressed-textures-7.3.3.tgz#6279ed4d9fa420c9d3d129457f57b7b04fdbe6d6"
  integrity sha512-4h1NKePF5blN7qux29yEnKiGdk4vZif59XtLviW7Y3r9MKgKSoizDl0RqU4SKo4eC1P0jpt1qOjiG4TE+AjXGQ==

"@pixi/constants@7.3.3":
  version "7.3.3"
  resolved "https://registry.yarnpkg.com/@pixi/constants/-/constants-7.3.3.tgz#5932e2d0fd9e996d3dbf51f888f7f83180f4a86c"
  integrity sha512-ww1JdekmKBUqHyPq8A5L+86FkzpS4KidlBm9wkX1fcd+6QQzq/vbx1JOz6m3CmH5LnlmDZ+zysLezvpZlBcwwA==

"@pixi/core@7.3.3":
  version "7.3.3"
  resolved "https://registry.yarnpkg.com/@pixi/core/-/core-7.3.3.tgz#ba4075c8206b4278af5663ead911c91126f1d61c"
  integrity sha512-064tuK6NoGIl/2Wf4EUlaLLlnRMZuDdLqnISsj2/A70towg2QUWgHhwZsCB4NvAssidWu/sIT+vk5IKDmh1LKA==
  dependencies:
    "@pixi/color" "7.3.3"
    "@pixi/constants" "7.3.3"
    "@pixi/extensions" "7.3.3"
    "@pixi/math" "7.3.3"
    "@pixi/runner" "7.3.3"
    "@pixi/settings" "7.3.3"
    "@pixi/ticker" "7.3.3"
    "@pixi/utils" "7.3.3"
    "@types/offscreencanvas" "^2019.6.4"

"@pixi/display@7.3.3":
  version "7.3.3"
  resolved "https://registry.yarnpkg.com/@pixi/display/-/display-7.3.3.tgz#a5e68b704519ae5137d5ab8704e12cb2e8584349"
  integrity sha512-iULZ2E6Z4vhI0FypXpUbtA+CODnj/CuTt2pi9gsw00ILI12eEx76cAiazvhxnCNqcfmj1RRK2P6s9Vzr5WmEIg==

"@pixi/events@7.3.3":
  version "7.3.3"
  resolved "https://registry.yarnpkg.com/@pixi/events/-/events-7.3.3.tgz#0561de88caf971241c6096dd75a52f79df73b8d2"
  integrity sha512-1oDfdFtKsy0Z9ew09MrSYGIIeGnBXr/c7866A32Od3KXql0dhd7UpFFpaFKLCXydDHRgFkjOP7t0/Pp1luTvfg==

"@pixi/extensions@7.3.3":
  version "7.3.3"
  resolved "https://registry.yarnpkg.com/@pixi/extensions/-/extensions-7.3.3.tgz#befa5b4f574a08d8a1386fac9de65c9db4564550"
  integrity sha512-Of44Wde0ZHYCuMoDLFl/8SOSPV2NiDBUB6QKBvYvNdhVslbO3pxrn9oQH9Fmsd8iGcGJ/YtyI5H2T/ky4Bo6AQ==

"@pixi/extract@7.3.3":
  version "7.3.3"
  resolved "https://registry.yarnpkg.com/@pixi/extract/-/extract-7.3.3.tgz#7a362405a6990a7d1bb8d8d1b6eddf146cf04ddc"
  integrity sha512-quD61mNtgq3w2USIPUBOuxD9kVWIPoh8offqJugT4ZZS2XlSnh2FvLjCEC66jVmMM0tmk6HGAfc5xRFNlyw8PQ==

"@pixi/filter-adjustment@5.1.1":
  version "5.1.1"
  resolved "https://registry.yarnpkg.com/@pixi/filter-adjustment/-/filter-adjustment-5.1.1.tgz#d0320ef566a8a67fd536cc66c8331b90d8bdb1e2"
  integrity sha512-AUHe03rmqXwV1ylAHq62t19AolPWOOYomCcL+Qycb1tf+LbM8FWpGXC6wmU1PkUrhgNc958uM9TrA9nRpplViA==

"@pixi/filter-advanced-bloom@5.1.1":
  version "5.1.1"
  resolved "https://registry.yarnpkg.com/@pixi/filter-advanced-bloom/-/filter-advanced-bloom-5.1.1.tgz#b18949dd7f7bde076777c4669ff0cdbee3249715"
  integrity sha512-C5AWmkWKvoYvJ+600qS7rC81E1X1clvrQLw4QE4IiFec5j1b07KhKE78w/BSRYMrBVa0cQ/ju0J1f7XoQYJfdQ==
  dependencies:
    "@pixi/filter-kawase-blur" "5.1.1"

"@pixi/filter-alpha@7.3.3":
  version "7.3.3"
  resolved "https://registry.yarnpkg.com/@pixi/filter-alpha/-/filter-alpha-7.3.3.tgz#6b5dad03ee31709eade2821b26d0db9c2579c46d"
  integrity sha512-StLLxEkCyghK3dhzLZD9jMu4lZ/ir4Bah2XXXWGhwE+XCO+//rnXreZ8v74R52WbaLUNDHzwlbq7/+BABwMu5w==

"@pixi/filter-ascii@5.1.1":
  version "5.1.1"
  resolved "https://registry.yarnpkg.com/@pixi/filter-ascii/-/filter-ascii-5.1.1.tgz#3f4f1382ee8743c28e03bd6a5bd822a0f8a8d5f2"
  integrity sha512-uGfpd7aYZuiEzkBH8asL/2j7L/7k/jCZRURjAU9c0unWlkagwIjvUwoPMsdzPNMh2DNQzCG1FPWseSbRFjUNow==

"@pixi/filter-bevel@5.1.1":
  version "5.1.1"
  resolved "https://registry.yarnpkg.com/@pixi/filter-bevel/-/filter-bevel-5.1.1.tgz#4635d88d9407f5be200506e683606f9abed24efc"
  integrity sha512-UGik6YEW+fnzVu1DV8ctbxS7eClJQzqaM2sPYI0MopaEE2mW35yjAcg9py9Kwx27BX8FniVRqtJOyKEw1A3mBA==

"@pixi/filter-bloom@5.1.1":
  version "5.1.1"
  resolved "https://registry.yarnpkg.com/@pixi/filter-bloom/-/filter-bloom-5.1.1.tgz#675875240975d90841ac75903cd73ec31ffc9c2b"
  integrity sha512-4/i+tMxAQdgezahxsVCqzkAyBAH4TxtuY/zo1wuCJybEqkKFIzOJ76Y4R/lJevEHS9CGpCTrvjRpup0Hze8k0Q==

"@pixi/filter-blur@7.3.3":
  version "7.3.3"
  resolved "https://registry.yarnpkg.com/@pixi/filter-blur/-/filter-blur-7.3.3.tgz#01f5cc2a49fc334f825c2e2805fc2a8dfaa01445"
  integrity sha512-AZzMbcFoL+uHxiVM2nQrQM0MQdLdd5mw7Fd4F60ROB96tmMK/M5W/FTqgdqXUQYld6wCFZKtJMulonVaPKLXDA==

"@pixi/filter-bulge-pinch@5.1.1":
  version "5.1.1"
  resolved "https://registry.yarnpkg.com/@pixi/filter-bulge-pinch/-/filter-bulge-pinch-5.1.1.tgz#b0c821b07902acf7c6ccb9046ae0dfc16c847107"
  integrity sha512-80I3g813td7Fnzi7IJSiR3z8gZlKblk6WN+5z6WnscQROcNEpck6lgWS/Lf/IdeHB/FtUKJCbx7RzxkUhiRTvA==

"@pixi/filter-color-gradient@5.2.0":
  version "5.2.0"
  resolved "https://registry.yarnpkg.com/@pixi/filter-color-gradient/-/filter-color-gradient-5.2.0.tgz#4c40ad973ee93a8cbae53821a15ac63fe018839f"
  integrity sha512-po3JBEKgfowqhAh2D75Ii1bhNl1gA8Agt+ESIMnSbrTVIkemno8zOVlVmP7xaf8+PKYnX7JWH5buTnnDfA7Hnw==

"@pixi/filter-color-map@5.1.1":
  version "5.1.1"
  resolved "https://registry.yarnpkg.com/@pixi/filter-color-map/-/filter-color-map-5.1.1.tgz#5d4ecb88d4579995a6576016b099b6ba4638f3d6"
  integrity sha512-WvDKvweXkg/t9t40thFlN1d/kUrWXGsxpRpFPNmkrZF6hNxdRjqgfg4wxUOev7uZwHIjcZtTfoLRKhJjF+1uqw==

"@pixi/filter-color-matrix@7.3.3":
  version "7.3.3"
  resolved "https://registry.yarnpkg.com/@pixi/filter-color-matrix/-/filter-color-matrix-7.3.3.tgz#6c9abaaf8ff1a9e058cc631c391cc87243ebff58"
  integrity sha512-Ot9lQ24lff4DPok0qy+c3IekfEuGf0Y1mx/dB3iLceys2hJHF5wK8rrhKrA1vc5IgrirbZpmjK8it9cVFzEW2g==

"@pixi/filter-color-overlay@5.1.1":
  version "5.1.1"
  resolved "https://registry.yarnpkg.com/@pixi/filter-color-overlay/-/filter-color-overlay-5.1.1.tgz#31dae4f08a0d938c69f834ea4b7ea231da977851"
  integrity sha512-u8xuWsUePQ1NFBqpxDAFEujW4kImFIIvlp4D2xbRZqJ0RRbeeKEW31Sk4cxl1yFJKWIq0XLyT/TAepT9iIlEXg==

"@pixi/filter-color-replace@5.1.1":
  version "5.1.1"
  resolved "https://registry.yarnpkg.com/@pixi/filter-color-replace/-/filter-color-replace-5.1.1.tgz#36dbe3191913889d8d27a376cc87cacfd161b5a9"
  integrity sha512-t+FEEnuqvlU1cKMSe8939tIGCNJsqpyc7o5BzIunMxsZsHjMQWzZtWQKls+FSdSlFyk2TWYSXWAxtj2VBzBZBg==

"@pixi/filter-convolution@5.1.1":
  version "5.1.1"
  resolved "https://registry.yarnpkg.com/@pixi/filter-convolution/-/filter-convolution-5.1.1.tgz#00efa8792f913db8b64f935aac8eb3ecc32c0ebe"
  integrity sha512-68NNa7lXBFlRgP/ac/L/0bKk/9QvU8urh7CEeOnR9WJxjymglbAa0nM69TBlhg++Fus3t7Mz/jc/GIfPJ/VL6Q==

"@pixi/filter-cross-hatch@5.1.1":
  version "5.1.1"
  resolved "https://registry.yarnpkg.com/@pixi/filter-cross-hatch/-/filter-cross-hatch-5.1.1.tgz#a0730b761e85a1ef1565eb0db709741e869b78fa"
  integrity sha512-g1hPHZYmGBpZtGojOtUOBWH6tqhtQGDo5xAp3o3gwmn2QnY087ZiYWFHF5ml+nTL62fEJ78uIpODscz4Y04e8w==

"@pixi/filter-crt@5.1.1":
  version "5.1.1"
  resolved "https://registry.yarnpkg.com/@pixi/filter-crt/-/filter-crt-5.1.1.tgz#de65792845c3bf6dbf82ef5f794dca4073b64a32"
  integrity sha512-w+rRbR7eTsPf18QPB68Wiyx8laC+v7fYb3hRVhnq/j6yRUJKQgg4HK5KLP9jfUJ9FJvxy4bzLSDQulvxbOMJZg==

"@pixi/filter-displacement@7.3.3":
  version "7.3.3"
  resolved "https://registry.yarnpkg.com/@pixi/filter-displacement/-/filter-displacement-7.3.3.tgz#9abb13415644dc634dd31ed90f135899ffebf5ee"
  integrity sha512-fBnZTUmt6wwazdk/ZDW3HJEkf9s5b8uDuOwHvUAPWTJ6oYqwAjFXnrTlhEwB/Fp+0v6hUVVlHWEYk07HVgjEIg==

"@pixi/filter-dot@5.1.1":
  version "5.1.1"
  resolved "https://registry.yarnpkg.com/@pixi/filter-dot/-/filter-dot-5.1.1.tgz#c7ad6d89916f6be87403687aca67275fddc8055c"
  integrity sha512-w3g6bumHzZgv9ktzegEWQS7OWuHH0QG76sbg/hZBy5K01dyuGAe1uUUnzVN5hZuFTD6q77T2UPlifhNI5j4ixg==

"@pixi/filter-drop-shadow@5.2.0":
  version "5.2.0"
  resolved "https://registry.yarnpkg.com/@pixi/filter-drop-shadow/-/filter-drop-shadow-5.2.0.tgz#243db9a726d9eb58d39ec3e0305c059d8e3c08d9"
  integrity sha512-cYS2KDER7cwCu0V4VNSxTHGvzmNcEXdC9j3031YBOkUAE3+p17LMS/TAt6XeMfJV7KaPuusvXy2NFgGkv3RDbw==
  dependencies:
    "@pixi/filter-kawase-blur" "5.1.1"

"@pixi/filter-emboss@5.1.1":
  version "5.1.1"
  resolved "https://registry.yarnpkg.com/@pixi/filter-emboss/-/filter-emboss-5.1.1.tgz#4c5787522656b48f0e7e5fbd45b3162ea829554d"
  integrity sha512-AoAFVzrMcCXldU+27hvJ95tcKNOVLnanlq1z838l2SzYGgso+ICbLauUz+o2PL/znudUJE6oky+I6WJzeavDsQ==

"@pixi/filter-fxaa@7.3.3":
  version "7.3.3"
  resolved "https://registry.yarnpkg.com/@pixi/filter-fxaa/-/filter-fxaa-7.3.3.tgz#3df0bf436dc5d0ac4612be03912d899826e06264"
  integrity sha512-xq5xcpu68axMrGsVOcpxqebLAa+B4yBSLQlI2rsn7s8YtWY+pC20lsaNnKDlrv9hwJ1Ah7BtBZy0EVVaeFNYqA==

"@pixi/filter-glitch@5.1.1":
  version "5.1.1"
  resolved "https://registry.yarnpkg.com/@pixi/filter-glitch/-/filter-glitch-5.1.1.tgz#36e9e6e6d879b2741eb925ff58f7cda739175cfd"
  integrity sha512-pl6jOQlzQGg6NwqCwlgioYhlwue2OSRBGByDzh6Y6Y/qxMBuzQi7W56GunhQW79Kpvj9ynDLAGxomvZsrX88qg==

"@pixi/filter-glow@5.2.1":
  version "5.2.1"
  resolved "https://registry.yarnpkg.com/@pixi/filter-glow/-/filter-glow-5.2.1.tgz#3757b32bef50a147e27c9a889f047c70bbad3126"
  integrity sha512-94I4XePDF9yqqA6KQuhPSphEHPJ2lXfqJLn0Bes8VVdwft0Ianj1wALqjoSUeBWqiJbhjBEXGDNkRZhPHvY3Xg==

"@pixi/filter-godray@5.1.1":
  version "5.1.1"
  resolved "https://registry.yarnpkg.com/@pixi/filter-godray/-/filter-godray-5.1.1.tgz#d1bd0991bcdce213a038051e642e81927bde41a1"
  integrity sha512-JCvNiKBF/01VyaBYzeusULg+h6kmBaYg0NruHwe/FaJMWCRIPOUBHMQIUavJR0JGE5s6bEIR8kRtdpf3RHiwqw==

"@pixi/filter-grayscale@5.1.1":
  version "5.1.1"
  resolved "https://registry.yarnpkg.com/@pixi/filter-grayscale/-/filter-grayscale-5.1.1.tgz#5721a6878caef866fe2abab06e591207e489ede5"
  integrity sha512-tRyggOhTdAQlQpgH/IzjCbORICua/Gm0JkKGOcdDQOHqt4bTVvAehQ59e2+A6A1yA8pevu2L/C25qQhsPgNW9w==

"@pixi/filter-hsl-adjustment@5.2.0":
  version "5.2.0"
  resolved "https://registry.yarnpkg.com/@pixi/filter-hsl-adjustment/-/filter-hsl-adjustment-5.2.0.tgz#e31adcda372652cf56f6262794f4b8e5dcbc1ce0"
  integrity sha512-BjmiKIJQuWNqMUjVUpqkM+HaInQzl7dCvYWj8wx9lSAwjzdOCRVVLbRLdO2TwGdwGIHjR3AylMxY1HZK3P4cLA==

"@pixi/filter-kawase-blur@5.1.1":
  version "5.1.1"
  resolved "https://registry.yarnpkg.com/@pixi/filter-kawase-blur/-/filter-kawase-blur-5.1.1.tgz#ddf31b06f65dc6a5579a4fe48229da184aa8cbed"
  integrity sha512-nPnJ1ChBFP+4pgFCwC0RJgHAJCetiHcQU3INH7zCdq88cFABmVmhN+wCKRNg4H7lF1EJjaXgFDkTrTreOD/bnw==

"@pixi/filter-motion-blur@5.1.1":
  version "5.1.1"
  resolved "https://registry.yarnpkg.com/@pixi/filter-motion-blur/-/filter-motion-blur-5.1.1.tgz#6b691a1c7884b5b2d00fb96f4b33006f88e61bee"
  integrity sha512-I94s3pW2GutjCyXiKQ/dI4Vl9JKne+Q8QgGRn1mrk0Uwg6DDO/OQI3jqv01S+SCTU3LZqhR/p8AQyxeDmOhr2w==

"@pixi/filter-multi-color-replace@5.1.1":
  version "5.1.1"
  resolved "https://registry.yarnpkg.com/@pixi/filter-multi-color-replace/-/filter-multi-color-replace-5.1.1.tgz#fb14ee8bc35e6643175a019526e4e4da829f6fd0"
  integrity sha512-P1shsJXEOpJGe9FdCUgCMi/nius86lBfb6cDIFM4oXdZfzuBUfWjZfUm7uofOvK7IWSrlXYrYoqp75H0XrLZ8A==

"@pixi/filter-noise@7.3.3":
  version "7.3.3"
  resolved "https://registry.yarnpkg.com/@pixi/filter-noise/-/filter-noise-7.3.3.tgz#8629625212a03fc84145f7951e71322940fad56a"
  integrity sha512-Hwwk1xLvA+0wTqJtKTnIGzyZmLubm5ylgqsMRHQqujDtVSIqE2SY1iVUcGA5vv31C7rFFkxGT4yhtfnYBNCvKQ==

"@pixi/filter-old-film@5.1.1":
  version "5.1.1"
  resolved "https://registry.yarnpkg.com/@pixi/filter-old-film/-/filter-old-film-5.1.1.tgz#7edc7f8e448963d26974e7248bcbed1f44705dfa"
  integrity sha512-Jgq3eLbcQW48o+YxLe8+T4vsQrvBnKrZAHS3cu3yc2aBLaiVIj8EfYP3vpOPjkQlZ7JVRZNdELpYA6KCR+abXw==

"@pixi/filter-outline@5.2.0":
  version "5.2.0"
  resolved "https://registry.yarnpkg.com/@pixi/filter-outline/-/filter-outline-5.2.0.tgz#8572ed2c847c31c5a142db04e86f081baed0365a"
  integrity sha512-xKfAouhZNKl6A0RvxT5i+2/ean7r16dE/QswwIkbWvr2hhHlp4p9U6XsqdgUERCDxK+IZibMAumbWs4DGxOUeQ==

"@pixi/filter-pixelate@5.1.1":
  version "5.1.1"
  resolved "https://registry.yarnpkg.com/@pixi/filter-pixelate/-/filter-pixelate-5.1.1.tgz#8e424b558ac427eeae252c9fd556cab0558b0f10"
  integrity sha512-qTs0Sv10aIbMFW//BPlhcFh1ByyKiVmvXfytYTTXNLrlK5DU3H3x8Pgy5Vy4lacS9VtOO69/CQ1QObBFCHnEBQ==

"@pixi/filter-radial-blur@5.1.1":
  version "5.1.1"
  resolved "https://registry.yarnpkg.com/@pixi/filter-radial-blur/-/filter-radial-blur-5.1.1.tgz#e96821b0c0f10ce0806bc346a812e38bb1c27e80"
  integrity sha512-q6RreUM+RO25HZaxc6ceEOSi6chadv8vrCOvupNLSY+1lvXue0KyFK6vxMcMInNdqRGYWSyJ+ql3RyHMTr93aw==

"@pixi/filter-reflection@5.1.1":
  version "5.1.1"
  resolved "https://registry.yarnpkg.com/@pixi/filter-reflection/-/filter-reflection-5.1.1.tgz#688518d21af1eaf3ec47421c46bad1aa56ed3349"
  integrity sha512-ksmfrRfBqXZ+rEFuA0l2tf4k+yzTU8VcNMuhW7U+ggkWOP2OEHga+oOlJg6TnHjOEbxudCpag5Us6e9aCeKpEw==

"@pixi/filter-rgb-split@5.1.1":
  version "5.1.1"
  resolved "https://registry.yarnpkg.com/@pixi/filter-rgb-split/-/filter-rgb-split-5.1.1.tgz#f76b022edf47f8bd478944f0ec768397309f7867"
  integrity sha512-DEeAYoPU2lbUTeNYK8e6q89jqtLeUYSkEdFK/a9IyxYkvJP2CPk+nVXIe48v3wORUf5DdP20k6yQzqoPZyP3ww==

"@pixi/filter-shockwave@5.1.1":
  version "5.1.1"
  resolved "https://registry.yarnpkg.com/@pixi/filter-shockwave/-/filter-shockwave-5.1.1.tgz#b1036060951309b26a430bc7981b1a619b966e19"
  integrity sha512-ovzOdAC2LCyWdxJC5PW97wSzHTNfjmKq4c/61cIO4sZp+9DB6n3b/6Rrad2jU346UATtM6K2XkmPY5p7SrRRXA==

"@pixi/filter-simple-lightmap@5.1.1":
  version "5.1.1"
  resolved "https://registry.yarnpkg.com/@pixi/filter-simple-lightmap/-/filter-simple-lightmap-5.1.1.tgz#030acf6776f75673539939ecf0b623f404d17a11"
  integrity sha512-S3cHUgbVvUgeef93f3trdL50+162Nyqa7DBYufkGw0dPjPecXyjTH47GJzxDqQPooRwHWWUG9W5EYC+XEwlV9w==

"@pixi/filter-tilt-shift@5.2.0":
  version "5.2.0"
  resolved "https://registry.yarnpkg.com/@pixi/filter-tilt-shift/-/filter-tilt-shift-5.2.0.tgz#88554935d8b338ad345becc377b7eb74b7e6ad86"
  integrity sha512-bCQE/BTGsqu8EhRMyiGg+9/FXsPBYxjfODbGTWWQNsXtbFVqZXvg1vEjUZQXvuso1v/Fh/BtZ3u+t2kFfWpBXA==

"@pixi/filter-twist@5.1.1":
  version "5.1.1"
  resolved "https://registry.yarnpkg.com/@pixi/filter-twist/-/filter-twist-5.1.1.tgz#e688da0aba8475a10847691220b96ba4d0e19bfa"
  integrity sha512-ZUxLmSHu7ZcP1OYmO9EsKgWDV/Ophf622N7YVei4opBrj/gBMuQZNvFIfnsm4l8yhqAwwzndSTVLNehq1A2ONw==

"@pixi/filter-zoom-blur@5.1.1":
  version "5.1.1"
  resolved "https://registry.yarnpkg.com/@pixi/filter-zoom-blur/-/filter-zoom-blur-5.1.1.tgz#6a134c59694a05ae61690e645d5b0182c6f56196"
  integrity sha512-0n10xOqACC2vm9Lpsq37Y/edDvp/B7xsBdkuWxeCI7Ta7J22fsJ8IHG1iUyxgdZGa+SCPcKiFoTrYEUu5PLCpA==

"@pixi/graphics@7.3.3":
  version "7.3.3"
  resolved "https://registry.yarnpkg.com/@pixi/graphics/-/graphics-7.3.3.tgz#3f9d3c4ff4875dd8cf67fc3db9ea9bc63e4c795c"
  integrity sha512-czX/SEQTSCI3kkH5DFAcchPaPYOAF7cz1P5K2hVvClE/bbbIWN0H2sBIF6pIY1ENkZ0aguQs36yDeXUDWXyoiQ==

"@pixi/math@7.3.3":
  version "7.3.3"
  resolved "https://registry.yarnpkg.com/@pixi/math/-/math-7.3.3.tgz#2cd64bcc33b63dbbf6abd6af5db85aa1191b6011"
  integrity sha512-kaHN6iusINPS0wIbrhP82za+B2qNDWHPHip/QtmpQTp81ibOIfHlDMOlsnE6rSdelTFNhrNWoTWU8IvXUbvy8g==

"@pixi/mesh-extras@7.3.3":
  version "7.3.3"
  resolved "https://registry.yarnpkg.com/@pixi/mesh-extras/-/mesh-extras-7.3.3.tgz#d7aee77bed38575c6253ea44b8bfd4f9ebb127c6"
  integrity sha512-2TW1n97PpSZIZomfoEcKezGeGLPyd82ng2u8SXQoy9keCmB2yK361/RO88jvWbY4qpnJn/89LiLyYEBiJtSmWg==

"@pixi/mesh@7.3.3":
  version "7.3.3"
  resolved "https://registry.yarnpkg.com/@pixi/mesh/-/mesh-7.3.3.tgz#3f6f43baccfe1b2373b75faf754acf1930c79afd"
  integrity sha512-8G3FO44wLDimNlCqXBKF+zQ3nBqJ4kMBbIjGxRaRkJmahcMYkY2zJpYsYh1YqKQztL9UmcP5V170VEIcPsmaJw==

"@pixi/mixin-cache-as-bitmap@7.3.3":
  version "7.3.3"
  resolved "https://registry.yarnpkg.com/@pixi/mixin-cache-as-bitmap/-/mixin-cache-as-bitmap-7.3.3.tgz#830309552dba986c3abc1cb28fe9c4ce2fcc97d2"
  integrity sha512-Vv/H24CADY5w2DZaTYhXsfr8wAyKsg6gYn0DLgWDnAI3PWkRcB0fVDfowlHAEzltfxyH4tp9LVc2jtbEIKfSlQ==

"@pixi/mixin-get-child-by-name@7.3.3":
  version "7.3.3"
  resolved "https://registry.yarnpkg.com/@pixi/mixin-get-child-by-name/-/mixin-get-child-by-name-7.3.3.tgz#927e8fb648bcc9df06d074338a1eaa1eb0375662"
  integrity sha512-75vlViVaynPyIYQIaoU08k1iP+8s9ct2YEnW91vyiHGxxE7BBimiYomWkAUYXtSnaSFoDkNPOh7iI91Icmkf+w==

"@pixi/mixin-get-global-position@7.3.3":
  version "7.3.3"
  resolved "https://registry.yarnpkg.com/@pixi/mixin-get-global-position/-/mixin-get-global-position-7.3.3.tgz#65f929ab85b9d5bb34a4e9c97994c1fa7d54cb58"
  integrity sha512-ZEScRlx/KSr0z40+xqF9jl9N8j0aFZCNwSluoMLuFecvn4kpaCQx8i4F8j+GkkdrnCfanSYE9ySADlUCsKmzHA==

"@pixi/particle-container@7.3.3":
  version "7.3.3"
  resolved "https://registry.yarnpkg.com/@pixi/particle-container/-/particle-container-7.3.3.tgz#833883ee96cac31d20118cf3edcd3eabdb87c5a5"
  integrity sha512-OxigacwSbPjVogahmBYUiYMIH+NhNa+jvGAk5OYEF431gcVmjtravPbk7mmFdGKmOMICztSyVX8kOyhXxCv63A==

"@pixi/prepare@7.3.3":
  version "7.3.3"
  resolved "https://registry.yarnpkg.com/@pixi/prepare/-/prepare-7.3.3.tgz#e5bb7c26ea6433888c9f1d6ab66d72d125e83c55"
  integrity sha512-2SdTyHJSDZeaEMuxXqOX01FUDhIjfWUmVCufLXxzjd8gZ52RWBpohl2gDRszPJMyPox142xzUiCnb4RuNXGHDw==

"@pixi/runner@7.3.3":
  version "7.3.3"
  resolved "https://registry.yarnpkg.com/@pixi/runner/-/runner-7.3.3.tgz#75d7d3cc2dd44012277728e0a7607a455c7c891b"
  integrity sha512-LUObHyxM3tK504ChbioYySZhFhyNs779uA71fuWSFV04Ry0WNlbqVvwTbKGkyR6er6blfxdqk7d51WmuQtfLCg==

"@pixi/settings@7.3.3":
  version "7.3.3"
  resolved "https://registry.yarnpkg.com/@pixi/settings/-/settings-7.3.3.tgz#b4bd6058e11bb785b97c3c49c6989d6b450ba6b7"
  integrity sha512-a1OePduDPOfnrCm1U1RL7JhuEAncA5/jNwF51urclXU6HNTHiJT41/S6KELPoV8NbLyJCKtnKwzbbPkzKwc0Yg==
  dependencies:
    "@pixi/constants" "7.3.3"
    "@types/css-font-loading-module" "^0.0.12"
    ismobilejs "^1.1.0"

"@pixi/sound@^5.2.1":
  version "5.2.2"
  resolved "https://registry.yarnpkg.com/@pixi/sound/-/sound-5.2.2.tgz#cc03fc308507fa44bc75b8d9805c11a6ab378423"
  integrity sha512-WjUDD24nQaAA2+aHbvDbgB/9l/kni3aNlZSmunU99KBGrQ9NfGS/VvAUxA88b7eOLXNvskzW2cvEnGMbltRiFA==

"@pixi/sprite-animated@7.3.3":
  version "7.3.3"
  resolved "https://registry.yarnpkg.com/@pixi/sprite-animated/-/sprite-animated-7.3.3.tgz#a1e874c070bf60299ff26e3d0978e4205afcefbc"
  integrity sha512-BYvehHk3PlNln9tRfZ/zGp2MzVwRjggFe+s4NCQd1EU/NPQewqJGCAiQFB4Gc3hFK2Y8wkW7SpGAzuk/E2WTxg==

"@pixi/sprite-tiling@7.3.3":
  version "7.3.3"
  resolved "https://registry.yarnpkg.com/@pixi/sprite-tiling/-/sprite-tiling-7.3.3.tgz#5d5ee71772beebed65f2821e5453619115f2bb29"
  integrity sha512-T4ms0TcfKq7JNRaUBaQyZsaxWziPh2EY10vFQEG17J3uyCrjQmN4dDS9AMoaltL1K3vh+CTSUnWO8S8mE1dn4Q==

"@pixi/sprite@7.3.3":
  version "7.3.3"
  resolved "https://registry.yarnpkg.com/@pixi/sprite/-/sprite-7.3.3.tgz#c0ccffc6b67adf7cd771124bcd99921284f6c342"
  integrity sha512-P/RxnvNV0PiuyaT9HA8F1aX9krp1BgjllBQcn6KHVxyAP8tJE0TD9pfHOU1+xRuoX37swXRQiDFTF6YvWzozUQ==

"@pixi/spritesheet@7.3.3":
  version "7.3.3"
  resolved "https://registry.yarnpkg.com/@pixi/spritesheet/-/spritesheet-7.3.3.tgz#ec63fc99fbcf138f8835a5701075658c1c59b0b7"
  integrity sha512-aAebizGNiKijWmJ39bnAb8FbuXbxRINuWZ2xt7ANzJQxhbo7dX+qlF4pz91yj3gHQaulzJM2oKz4a5q6cHa7dw==

"@pixi/text-bitmap@7.3.3":
  version "7.3.3"
  resolved "https://registry.yarnpkg.com/@pixi/text-bitmap/-/text-bitmap-7.3.3.tgz#296b9997192c6106aafed09948889c6ac577c553"
  integrity sha512-2IOBoSHtb2e1aoxB/pfJPFW34XeY8HpDtGJKn3F9IUYpBo6nnnZ6DuJNZyFG2r/hiytjVvulqI66CzOH/eJJ4A==

"@pixi/text-html@7.3.3":
  version "7.3.3"
  resolved "https://registry.yarnpkg.com/@pixi/text-html/-/text-html-7.3.3.tgz#604678392c9868b343411313ca52cdfcd7f8f812"
  integrity sha512-z8vsgsqVJuFEVX07wh0IYAwQ5DBiel8Lhxo2Ly8594O0mIdQ1IPvtAPv+WRyG35WT0i26J7GL2BZxURouDP2WA==

"@pixi/text@7.3.3":
  version "7.3.3"
  resolved "https://registry.yarnpkg.com/@pixi/text/-/text-7.3.3.tgz#8ff5bf508384ca4c17e63a7b0e71b5210cbd0b38"
  integrity sha512-s9BLmiURYeJppPYB040jrGbtbsWM9PcXSRtr40xrbR0a+HPlxDEWCaHka9DiUFr/lIuOpA0y/YjmZskq5o5R7g==

"@pixi/ticker@7.3.3":
  version "7.3.3"
  resolved "https://registry.yarnpkg.com/@pixi/ticker/-/ticker-7.3.3.tgz#64185570d563b64e2e666ff5964754583d5b6094"
  integrity sha512-AxeMKP9vTcla+yYXCABc0uKUODjIsJRXk3DCHVpoPeeqRYPaKH291RtDw92QFw7FFgGBbRgsptBjF9Q+uO5hDA==
  dependencies:
    "@pixi/extensions" "7.3.3"
    "@pixi/settings" "7.3.3"
    "@pixi/utils" "7.3.3"

"@pixi/utils@7.3.3":
  version "7.3.3"
  resolved "https://registry.yarnpkg.com/@pixi/utils/-/utils-7.3.3.tgz#cad46d0ada1f51e30aedf781af63ad8a4a36d58a"
  integrity sha512-rgWD0YV6oDKOVuQJ9ra6g3VdoN8usC6Kj/t3Ba1t9P+k9qUKIM0gCr9/bxFf7CJ/EUS8A2WTVfEmJVN2TwZfxg==
  dependencies:
    "@pixi/color" "7.3.3"
    "@pixi/constants" "7.3.3"
    "@pixi/settings" "7.3.3"
    "@types/earcut" "^2.1.0"
    earcut "^2.2.4"
    eventemitter3 "^4.0.0"
    url "^0.11.0"

"@types/css-font-loading-module@^0.0.12":
  version "0.0.12"
  resolved "https://registry.yarnpkg.com/@types/css-font-loading-module/-/css-font-loading-module-0.0.12.tgz#65494833928823f998fbe8e86312821875d80db5"
  integrity sha512-x2tZZYkSxXqWvTDgveSynfjq/T2HyiZHXb00j/+gy19yp70PHCizM48XFdjBCWH7eHBD0R5i/pw9yMBP/BH5uA==

"@types/earcut@^2.1.0":
  version "2.1.4"
  resolved "https://registry.yarnpkg.com/@types/earcut/-/earcut-2.1.4.tgz#5811d7d333048f5a7573b22ddc84923e69596da6"
  integrity sha512-qp3m9PPz4gULB9MhjGID7wpo3gJ4bTGXm7ltNDsmOvsPduTeHp8wSW9YckBj3mljeOh4F0m2z/0JKAALRKbmLQ==

"@types/offscreencanvas@^2019.6.4":
  version "2019.7.3"
  resolved "https://registry.yarnpkg.com/@types/offscreencanvas/-/offscreencanvas-2019.7.3.tgz#90267db13f64d6e9ccb5ae3eac92786a7c77a516"
  integrity sha512-ieXiYmgSRXUDeOntE1InxjWyvEelZGP63M+cGuquuRLuIKKT1osnkXjxev9B7d1nXSug5vpunx+gNlbVxMlC9A==

call-bind@^1.0.0:
  version "1.0.5"
  resolved "https://registry.yarnpkg.com/call-bind/-/call-bind-1.0.5.tgz#6fa2b7845ce0ea49bf4d8b9ef64727a2c2e2e513"
  integrity sha512-C3nQxfFZxFRVoJoGKKI8y3MOEo129NQ+FgQ08iye+Mk4zNZZGdjfs06bVTr+DBSlA66Q2VEcMki/cUCP4SercQ==
  dependencies:
    function-bind "^1.1.2"
    get-intrinsic "^1.2.1"
    set-function-length "^1.1.1"

define-data-property@^1.1.1:
  version "1.1.1"
  resolved "https://registry.yarnpkg.com/define-data-property/-/define-data-property-1.1.1.tgz#c35f7cd0ab09883480d12ac5cb213715587800b3"
  integrity sha512-E7uGkTzkk1d0ByLeSc6ZsFS79Axg+m1P/VsgYsxHgiuc3tFSj+MjMIwe90FC4lOAZzNBdY7kkO2P2wKdsQ1vgQ==
  dependencies:
    get-intrinsic "^1.2.1"
    gopd "^1.0.1"
    has-property-descriptors "^1.0.0"

earcut@^2.2.4:
  version "2.2.4"
  resolved "https://registry.yarnpkg.com/earcut/-/earcut-2.2.4.tgz#6d02fd4d68160c114825d06890a92ecaae60343a"
  integrity sha512-/pjZsA1b4RPHbeWZQn66SWS8nZZWLQQ23oE3Eam7aroEFGEvwKAsJfZ9ytiEMycfzXWpca4FA9QIOehf7PocBQ==

esbuild@^0.18.10:
  version "0.18.20"
  resolved "https://registry.yarnpkg.com/esbuild/-/esbuild-0.18.20.tgz#4709f5a34801b43b799ab7d6d82f7284a9b7a7a6"
  integrity sha512-ceqxoedUrcayh7Y7ZX6NdbbDzGROiyVBgC4PriJThBKSVPWnnFHZAkfI1lJT8QFkOwH4qOS2SJkS4wvpGl8BpA==
  optionalDependencies:
    "@esbuild/android-arm" "0.18.20"
    "@esbuild/android-arm64" "0.18.20"
    "@esbuild/android-x64" "0.18.20"
    "@esbuild/darwin-arm64" "0.18.20"
    "@esbuild/darwin-x64" "0.18.20"
    "@esbuild/freebsd-arm64" "0.18.20"
    "@esbuild/freebsd-x64" "0.18.20"
    "@esbuild/linux-arm" "0.18.20"
    "@esbuild/linux-arm64" "0.18.20"
    "@esbuild/linux-ia32" "0.18.20"
    "@esbuild/linux-loong64" "0.18.20"
    "@esbuild/linux-mips64el" "0.18.20"
    "@esbuild/linux-ppc64" "0.18.20"
    "@esbuild/linux-riscv64" "0.18.20"
    "@esbuild/linux-s390x" "0.18.20"
    "@esbuild/linux-x64" "0.18.20"
    "@esbuild/netbsd-x64" "0.18.20"
    "@esbuild/openbsd-x64" "0.18.20"
    "@esbuild/sunos-x64" "0.18.20"
    "@esbuild/win32-arm64" "0.18.20"
    "@esbuild/win32-ia32" "0.18.20"
    "@esbuild/win32-x64" "0.18.20"

eventemitter3@^4.0.0:
  version "4.0.7"
  resolved "https://registry.yarnpkg.com/eventemitter3/-/eventemitter3-4.0.7.tgz#2de9b68f6528d5644ef5c59526a1b4a07306169f"
  integrity sha512-8guHBZCwKnFhYdHr2ysuRWErTwhoN2X8XELRlrRwpmfeY2jjuUN4taQMsULKUVo1K4DvZl+0pgfyoysHxvmvEw==

fsevents@~2.3.2:
  version "2.3.3"
  resolved "https://registry.yarnpkg.com/fsevents/-/fsevents-2.3.3.tgz#cac6407785d03675a2a5e1a5305c697b347d90d6"
  integrity sha512-5xoDfX+fL7faATnagmWPpbFtwh/R77WmMMqqHGS65C3vvB0YHrgF+B1YmZ3441tMj5n63k0212XNoJwzlhffQw==

function-bind@^1.1.2:
  version "1.1.2"
  resolved "https://registry.yarnpkg.com/function-bind/-/function-bind-1.1.2.tgz#2c02d864d97f3ea6c8830c464cbd11ab6eab7a1c"
  integrity sha512-7XHNxH7qX9xG5mIwxkhumTox/MIRNcOgDrxWsMt2pAr23WHp6MrRlN7FBSFpCpr+oVO0F744iUgR82nJMfG2SA==

get-intrinsic@^1.0.2, get-intrinsic@^1.1.3, get-intrinsic@^1.2.1, get-intrinsic@^1.2.2:
  version "1.2.2"
  resolved "https://registry.yarnpkg.com/get-intrinsic/-/get-intrinsic-1.2.2.tgz#281b7622971123e1ef4b3c90fd7539306da93f3b"
  integrity sha512-0gSo4ml/0j98Y3lngkFEot/zhiCeWsbYIlZ+uZOVgzLyLaUw7wxUL+nCTP0XJvJg1AXulJRI3UJi8GsbDuxdGA==
  dependencies:
    function-bind "^1.1.2"
    has-proto "^1.0.1"
    has-symbols "^1.0.3"
    hasown "^2.0.0"

gopd@^1.0.1:
  version "1.0.1"
  resolved "https://registry.yarnpkg.com/gopd/-/gopd-1.0.1.tgz#29ff76de69dac7489b7c0918a5788e56477c332c"
  integrity sha512-d65bNlIadxvpb/A2abVdlqKqV563juRnZ1Wtk6s1sIR8uNsXR70xqIzVqxVf1eTqDunwT2MkczEeaezCKTZhwA==
  dependencies:
    get-intrinsic "^1.1.3"

has-property-descriptors@^1.0.0:
  version "1.0.1"
  resolved "https://registry.yarnpkg.com/has-property-descriptors/-/has-property-descriptors-1.0.1.tgz#52ba30b6c5ec87fd89fa574bc1c39125c6f65340"
  integrity sha512-VsX8eaIewvas0xnvinAe9bw4WfIeODpGYikiWYLH+dma0Jw6KHYqWiWfhQlgOVK8D6PvjubK5Uc4P0iIhIcNVg==
  dependencies:
    get-intrinsic "^1.2.2"

has-proto@^1.0.1:
  version "1.0.1"
  resolved "https://registry.yarnpkg.com/has-proto/-/has-proto-1.0.1.tgz#1885c1305538958aff469fef37937c22795408e0"
  integrity sha512-7qE+iP+O+bgF9clE5+UoBFzE65mlBiVj3tKCrlNQ0Ogwm0BjpT/gK4SlLYDMybDh5I3TCTKnPPa0oMG7JDYrhg==

has-symbols@^1.0.3:
  version "1.0.3"
  resolved "https://registry.yarnpkg.com/has-symbols/-/has-symbols-1.0.3.tgz#bb7b2c4349251dce87b125f7bdf874aa7c8b39f8"
  integrity sha512-l3LCuF6MgDNwTDKkdYGEihYjt5pRPbEg46rtlmnSPlUbgmB8LOIrKJbYYFBSbnPaJexMKtiPO8hmeRjRz2Td+A==

hasown@^2.0.0:
  version "2.0.0"
  resolved "https://registry.yarnpkg.com/hasown/-/hasown-2.0.0.tgz#f4c513d454a57b7c7e1650778de226b11700546c"
  integrity sha512-vUptKVTpIJhcczKBbgnS+RtcuYMB8+oNzPK2/Hp3hanz8JmpATdmmgLgSaadVREkDm+e2giHwY3ZRkyjSIDDFA==
  dependencies:
    function-bind "^1.1.2"

ismobilejs@^1.1.0:
  version "1.1.1"
  resolved "https://registry.yarnpkg.com/ismobilejs/-/ismobilejs-1.1.1.tgz#c56ca0ae8e52b24ca0f22ba5ef3215a2ddbbaa0e"
  integrity sha512-VaFW53yt8QO61k2WJui0dHf4SlL8lxBofUuUmwBo0ljPk0Drz2TiuDW4jo3wDcv41qy/SxrJ+VAzJ/qYqsmzRw==

matter-js@^0.19.0:
  version "0.19.0"
  resolved "https://registry.yarnpkg.com/matter-js/-/matter-js-0.19.0.tgz#185e518146ae4fa20c33826ebc7e6e42685e3642"
  integrity sha512-v2huwvQGOHTGOkMqtHd2hercCG3f6QAObTisPPHg8TZqq2lz7eIY/5i/5YUV8Ibf3mEioFEmwibcPUF2/fnKKQ==

nanoid@^3.3.7:
  version "3.3.7"
  resolved "https://registry.yarnpkg.com/nanoid/-/nanoid-3.3.7.tgz#d0c301a691bc8d54efa0a2226ccf3fe2fd656bd8"
  integrity sha512-eSRppjcPIatRIMC1U6UngP8XFcz8MQWGQdt1MTBQ7NaAmvXDfvNxbvWV3x2y6CdEUciCSsDHDQZbhYaB8QEo2g==

object-inspect@^1.9.0:
  version "1.13.1"
  resolved "https://registry.yarnpkg.com/object-inspect/-/object-inspect-1.13.1.tgz#b96c6109324ccfef6b12216a956ca4dc2ff94bc2"
  integrity sha512-5qoj1RUiKOMsCCNLV1CBiPYE10sziTsnmNxkAI/rZhiD63CF7IqdFGC/XzjWjpSgLf0LxXX3bDFIh0E18f6UhQ==

picocolors@^1.0.0:
  version "1.0.0"
  resolved "https://registry.yarnpkg.com/picocolors/-/picocolors-1.0.0.tgz#cb5bdc74ff3f51892236eaf79d68bc44564ab81c"
  integrity sha512-1fygroTLlHu66zi26VoTDv8yRgm0Fccecssto+MhsZ0D/DGW2sm8E8AjW7NU5VVTRt5GxbeZ5qBuJr+HyLYkjQ==

pixi-filters@^5.2.1:
  version "5.2.1"
  resolved "https://registry.yarnpkg.com/pixi-filters/-/pixi-filters-5.2.1.tgz#c5f631bfde44684d289caa5ca62597b6f8d95580"
  integrity sha512-lsRakKJfK0iH+aCCVePQcSb477hFiS20CR2p4u7xS6RO7q5qh5GhAyGqWdgYZlUT5WLSW0kxAV+FddYLs9z9Sg==
  dependencies:
    "@pixi/filter-adjustment" "5.1.1"
    "@pixi/filter-advanced-bloom" "5.1.1"
    "@pixi/filter-ascii" "5.1.1"
    "@pixi/filter-bevel" "5.1.1"
    "@pixi/filter-bloom" "5.1.1"
    "@pixi/filter-bulge-pinch" "5.1.1"
    "@pixi/filter-color-gradient" "5.2.0"
    "@pixi/filter-color-map" "5.1.1"
    "@pixi/filter-color-overlay" "5.1.1"
    "@pixi/filter-color-replace" "5.1.1"
    "@pixi/filter-convolution" "5.1.1"
    "@pixi/filter-cross-hatch" "5.1.1"
    "@pixi/filter-crt" "5.1.1"
    "@pixi/filter-dot" "5.1.1"
    "@pixi/filter-drop-shadow" "5.2.0"
    "@pixi/filter-emboss" "5.1.1"
    "@pixi/filter-glitch" "5.1.1"
    "@pixi/filter-glow" "5.2.1"
    "@pixi/filter-godray" "5.1.1"
    "@pixi/filter-grayscale" "5.1.1"
    "@pixi/filter-hsl-adjustment" "5.2.0"
    "@pixi/filter-kawase-blur" "5.1.1"
    "@pixi/filter-motion-blur" "5.1.1"
    "@pixi/filter-multi-color-replace" "5.1.1"
    "@pixi/filter-old-film" "5.1.1"
    "@pixi/filter-outline" "5.2.0"
    "@pixi/filter-pixelate" "5.1.1"
    "@pixi/filter-radial-blur" "5.1.1"
    "@pixi/filter-reflection" "5.1.1"
    "@pixi/filter-rgb-split" "5.1.1"
    "@pixi/filter-shockwave" "5.1.1"
    "@pixi/filter-simple-lightmap" "5.1.1"
    "@pixi/filter-tilt-shift" "5.2.0"
    "@pixi/filter-twist" "5.1.1"
    "@pixi/filter-zoom-blur" "5.1.1"

pixi.js@^7.3.1:
  version "7.3.3"
  resolved "https://registry.yarnpkg.com/pixi.js/-/pixi.js-7.3.3.tgz#dd791242460c1a7651de80ae8f91bfe9c91f2712"
  integrity sha512-EuAyWZBL5lKViCgYkB6dbwkiI/MNht8O8F8956up9vwGEGf659QRHxfVQoRj8zdNGOBbe51XAxQMfLaW/l0Ekg==
  dependencies:
    "@pixi/accessibility" "7.3.3"
    "@pixi/app" "7.3.3"
    "@pixi/assets" "7.3.3"
    "@pixi/compressed-textures" "7.3.3"
    "@pixi/core" "7.3.3"
    "@pixi/display" "7.3.3"
    "@pixi/events" "7.3.3"
    "@pixi/extensions" "7.3.3"
    "@pixi/extract" "7.3.3"
    "@pixi/filter-alpha" "7.3.3"
    "@pixi/filter-blur" "7.3.3"
    "@pixi/filter-color-matrix" "7.3.3"
    "@pixi/filter-displacement" "7.3.3"
    "@pixi/filter-fxaa" "7.3.3"
    "@pixi/filter-noise" "7.3.3"
    "@pixi/graphics" "7.3.3"
    "@pixi/mesh" "7.3.3"
    "@pixi/mesh-extras" "7.3.3"
    "@pixi/mixin-cache-as-bitmap" "7.3.3"
    "@pixi/mixin-get-child-by-name" "7.3.3"
    "@pixi/mixin-get-global-position" "7.3.3"
    "@pixi/particle-container" "7.3.3"
    "@pixi/prepare" "7.3.3"
    "@pixi/sprite" "7.3.3"
    "@pixi/sprite-animated" "7.3.3"
    "@pixi/sprite-tiling" "7.3.3"
    "@pixi/spritesheet" "7.3.3"
    "@pixi/text" "7.3.3"
    "@pixi/text-bitmap" "7.3.3"
    "@pixi/text-html" "7.3.3"

postcss@^8.4.27:
  version "8.4.33"
  resolved "https://registry.yarnpkg.com/postcss/-/postcss-8.4.33.tgz#1378e859c9f69bf6f638b990a0212f43e2aaa742"
  integrity sha512-Kkpbhhdjw2qQs2O2DGX+8m5OVqEcbB9HRBvuYM9pgrjEFUg30A9LmXNlTAUj4S9kgtGyrMbTzVjH7E+s5Re2yg==
  dependencies:
    nanoid "^3.3.7"
    picocolors "^1.0.0"
    source-map-js "^1.0.2"

punycode@^1.4.1:
  version "1.4.1"
  resolved "https://registry.yarnpkg.com/punycode/-/punycode-1.4.1.tgz#c0d5a63b2718800ad8e1eb0fa5269c84dd41845e"
  integrity sha512-jmYNElW7yvO7TV33CjSmvSiE2yco3bV2czu/OzDKdMNVZQWfxCblURLhf+47syQRBntjfLdd/H0egrzIG+oaFQ==

qs@^6.11.2:
  version "6.11.2"
  resolved "https://registry.yarnpkg.com/qs/-/qs-6.11.2.tgz#64bea51f12c1f5da1bc01496f48ffcff7c69d7d9"
  integrity sha512-tDNIz22aBzCDxLtVH++VnTfzxlfeK5CbqohpSqpJgj1Wg/cQbStNAz3NuqCs5vV+pjBsK4x4pN9HlVh7rcYRiA==
  dependencies:
    side-channel "^1.0.4"

rollup@^3.27.1:
  version "3.29.4"
  resolved "https://registry.yarnpkg.com/rollup/-/rollup-3.29.4.tgz#4d70c0f9834146df8705bfb69a9a19c9e1109981"
  integrity sha512-oWzmBZwvYrU0iJHtDmhsm662rC15FRXmcjCk1xD771dFDx5jJ02ufAQQTn0etB2emNk4J9EZg/yWKpsn9BWGRw==
  optionalDependencies:
    fsevents "~2.3.2"

set-function-length@^1.1.1:
  version "1.1.1"
  resolved "https://registry.yarnpkg.com/set-function-length/-/set-function-length-1.1.1.tgz#4bc39fafb0307224a33e106a7d35ca1218d659ed"
  integrity sha512-VoaqjbBJKiWtg4yRcKBQ7g7wnGnLV3M8oLvVWwOk2PdYY6PEFegR1vezXR0tw6fZGF9csVakIRjrJiy2veSBFQ==
  dependencies:
    define-data-property "^1.1.1"
    get-intrinsic "^1.2.1"
    gopd "^1.0.1"
    has-property-descriptors "^1.0.0"

side-channel@^1.0.4:
  version "1.0.4"
  resolved "https://registry.yarnpkg.com/side-channel/-/side-channel-1.0.4.tgz#efce5c8fdc104ee751b25c58d4290011fa5ea2cf"
  integrity sha512-q5XPytqFEIKHkGdiMIrY10mvLRvnQh42/+GoBlFW3b2LXLE2xxJpZFdm94we0BaoV3RwJyGqg5wS7epxTv0Zvw==
  dependencies:
    call-bind "^1.0.0"
    get-intrinsic "^1.0.2"
    object-inspect "^1.9.0"

source-map-js@^1.0.2:
  version "1.0.2"
  resolved "https://registry.yarnpkg.com/source-map-js/-/source-map-js-1.0.2.tgz#adbc361d9c62df380125e7f161f71c826f1e490c"
  integrity sha512-R0XvVJ9WusLiqTCEiGCmICCMplcCkIwwR11mOSD9CR5u+IXYdiseeEuXCVAjS54zqwkLcPNnmU4OeJ6tUrWhDw==

url@^0.11.0:
  version "0.11.3"
  resolved "https://registry.yarnpkg.com/url/-/url-0.11.3.tgz#6f495f4b935de40ce4a0a52faee8954244f3d3ad"
  integrity sha512-6hxOLGfZASQK/cijlZnZJTq8OXAkt/3YGfQX45vvMYXpZoo8NdWZcY73K108Jf759lS1Bv/8wXnHDTSz17dSRw==
  dependencies:
    punycode "^1.4.1"
    qs "^6.11.2"

vite@^4.4.5:
  version "4.5.1"
  resolved "https://registry.yarnpkg.com/vite/-/vite-4.5.1.tgz#3370986e1ed5dbabbf35a6c2e1fb1e18555b968a"
  integrity sha512-AXXFaAJ8yebyqzoNB9fu2pHoo/nWX+xZlaRwoeYUxEqBO+Zj4msE5G+BhGBll9lYEKv9Hfks52PAF2X7qDYXQA==
  dependencies:
    esbuild "^0.18.10"
    postcss "^8.4.27"
    rollup "^3.27.1"
  optionalDependencies:
    fsevents "~2.3.2"
