# THIS IS AN AUTOGENERATED FILE. DO NOT EDIT THIS FILE DIRECTLY.
# yarn lockfile v1


"@esbuild/linux-x64@0.18.20":
  "integrity" "sha512-UYqiqemphJcNsFEskc73jQ7B9jgwjWrSayxawS6UVFZGWrAAtkzjxSqnoclCXxWtfwLdzU+vTpcNYhpn43uP1w=="
  "resolved" "https://registry.npmjs.org/@esbuild/linux-x64/-/linux-x64-0.18.20.tgz"
  "version" "0.18.20"

"@pixi/accessibility@7.3.3":
  "integrity" "sha512-cHiIEP54RNqvPKmi45HvvnTbiWU+/lzdTY0zK7OXx3TmcEQRn2A7GZ1I+uxx476NeXGJtGSvv3copyxFjPB6Ew=="
  "resolved" "https://registry.npmjs.org/@pixi/accessibility/-/accessibility-7.3.3.tgz"
  "version" "7.3.3"

"@pixi/app@7.3.3":
  "integrity" "sha512-MS5r/yU0CrWMPXXrgKAzgC2KC35Och8fT9z6J1XUCs7yHhdO8768rnSePJuzhj9Yaclv7PUpNQzh8rG9o/MzkQ=="
  "resolved" "https://registry.npmjs.org/@pixi/app/-/app-7.3.3.tgz"
  "version" "7.3.3"

"@pixi/assets@^7.0.0", "@pixi/assets@7.3.3":
  "integrity" "sha512-KcLXVehdJ2kc2bSnTfatLPLL6sLD7dwU+EZ5bWQ/PZDSsfML3kLFvq84VXd4k8LKNX4RCvfy4yeeIUW1o5tnMg=="
  "resolved" "https://registry.npmjs.org/@pixi/assets/-/assets-7.3.3.tgz"
  "version" "7.3.3"
  dependencies:
    "@types/css-font-loading-module" "^0.0.12"

"@pixi/color@7.3.3":
  "integrity" "sha512-IiiFhNIqXt7yULe0Wkq5Hn38ymDoEen/6EvV2y2AQIOu6TyuET5PGswAdMfG7ZjfwBaCudK6yQEUjWaXbgRUmw=="
  "resolved" "https://registry.npmjs.org/@pixi/color/-/color-7.3.3.tgz"
  "version" "7.3.3"
  dependencies:
    "@pixi/colord" "^2.9.6"

"@pixi/colord@^2.9.6":
  "integrity" "sha512-nezytU2pw587fQstUu1AsJZDVEynjskwOL+kibwcdxsMBFqPsFFNA7xl0ii/gXuDi6M0xj3mfRJj8pBSc2jCfA=="
  "resolved" "https://registry.npmjs.org/@pixi/colord/-/colord-2.9.6.tgz"
  "version" "2.9.6"

"@pixi/compressed-textures@7.3.3":
  "integrity" "sha512-4h1NKePF5blN7qux29yEnKiGdk4vZif59XtLviW7Y3r9MKgKSoizDl0RqU4SKo4eC1P0jpt1qOjiG4TE+AjXGQ=="
  "resolved" "https://registry.npmjs.org/@pixi/compressed-textures/-/compressed-textures-7.3.3.tgz"
  "version" "7.3.3"

"@pixi/constants@7.3.3":
  "integrity" "sha512-ww1JdekmKBUqHyPq8A5L+86FkzpS4KidlBm9wkX1fcd+6QQzq/vbx1JOz6m3CmH5LnlmDZ+zysLezvpZlBcwwA=="
  "resolved" "https://registry.npmjs.org/@pixi/constants/-/constants-7.3.3.tgz"
  "version" "7.3.3"

"@pixi/core@^7.0.0", "@pixi/core@^7.0.0-X", "@pixi/core@7.3.3":
  "integrity" "sha512-064tuK6NoGIl/2Wf4EUlaLLlnRMZuDdLqnISsj2/A70towg2QUWgHhwZsCB4NvAssidWu/sIT+vk5IKDmh1LKA=="
  "resolved" "https://registry.npmjs.org/@pixi/core/-/core-7.3.3.tgz"
  "version" "7.3.3"
  dependencies:
    "@pixi/color" "7.3.3"
    "@pixi/constants" "7.3.3"
    "@pixi/extensions" "7.3.3"
    "@pixi/math" "7.3.3"
    "@pixi/runner" "7.3.3"
    "@pixi/settings" "7.3.3"
    "@pixi/ticker" "7.3.3"
    "@pixi/utils" "7.3.3"
    "@types/offscreencanvas" "^2019.6.4"

"@pixi/display@7.3.3":
  "integrity" "sha512-iULZ2E6Z4vhI0FypXpUbtA+CODnj/CuTt2pi9gsw00ILI12eEx76cAiazvhxnCNqcfmj1RRK2P6s9Vzr5WmEIg=="
  "resolved" "https://registry.npmjs.org/@pixi/display/-/display-7.3.3.tgz"
  "version" "7.3.3"

"@pixi/events@7.3.3":
  "integrity" "sha512-1oDfdFtKsy0Z9ew09MrSYGIIeGnBXr/c7866A32Od3KXql0dhd7UpFFpaFKLCXydDHRgFkjOP7t0/Pp1luTvfg=="
  "resolved" "https://registry.npmjs.org/@pixi/events/-/events-7.3.3.tgz"
  "version" "7.3.3"

"@pixi/extensions@7.3.3":
  "integrity" "sha512-Of44Wde0ZHYCuMoDLFl/8SOSPV2NiDBUB6QKBvYvNdhVslbO3pxrn9oQH9Fmsd8iGcGJ/YtyI5H2T/ky4Bo6AQ=="
  "resolved" "https://registry.npmjs.org/@pixi/extensions/-/extensions-7.3.3.tgz"
  "version" "7.3.3"

"@pixi/extract@7.3.3":
  "integrity" "sha512-quD61mNtgq3w2USIPUBOuxD9kVWIPoh8offqJugT4ZZS2XlSnh2FvLjCEC66jVmMM0tmk6HGAfc5xRFNlyw8PQ=="
  "resolved" "https://registry.npmjs.org/@pixi/extract/-/extract-7.3.3.tgz"
  "version" "7.3.3"

"@pixi/filter-adjustment@5.1.1":
  "integrity" "sha512-AUHe03rmqXwV1ylAHq62t19AolPWOOYomCcL+Qycb1tf+LbM8FWpGXC6wmU1PkUrhgNc958uM9TrA9nRpplViA=="
  "resolved" "https://registry.npmjs.org/@pixi/filter-adjustment/-/filter-adjustment-5.1.1.tgz"
  "version" "5.1.1"

"@pixi/filter-advanced-bloom@5.1.1":
  "integrity" "sha512-C5AWmkWKvoYvJ+600qS7rC81E1X1clvrQLw4QE4IiFec5j1b07KhKE78w/BSRYMrBVa0cQ/ju0J1f7XoQYJfdQ=="
  "resolved" "https://registry.npmjs.org/@pixi/filter-advanced-bloom/-/filter-advanced-bloom-5.1.1.tgz"
  "version" "5.1.1"
  dependencies:
    "@pixi/filter-kawase-blur" "5.1.1"

"@pixi/filter-alpha@^7.0.0-X", "@pixi/filter-alpha@7.3.3":
  "integrity" "sha512-StLLxEkCyghK3dhzLZD9jMu4lZ/ir4Bah2XXXWGhwE+XCO+//rnXreZ8v74R52WbaLUNDHzwlbq7/+BABwMu5w=="
  "resolved" "https://registry.npmjs.org/@pixi/filter-alpha/-/filter-alpha-7.3.3.tgz"
  "version" "7.3.3"

"@pixi/filter-ascii@5.1.1":
  "integrity" "sha512-uGfpd7aYZuiEzkBH8asL/2j7L/7k/jCZRURjAU9c0unWlkagwIjvUwoPMsdzPNMh2DNQzCG1FPWseSbRFjUNow=="
  "resolved" "https://registry.npmjs.org/@pixi/filter-ascii/-/filter-ascii-5.1.1.tgz"
  "version" "5.1.1"

"@pixi/filter-bevel@5.1.1":
  "integrity" "sha512-UGik6YEW+fnzVu1DV8ctbxS7eClJQzqaM2sPYI0MopaEE2mW35yjAcg9py9Kwx27BX8FniVRqtJOyKEw1A3mBA=="
  "resolved" "https://registry.npmjs.org/@pixi/filter-bevel/-/filter-bevel-5.1.1.tgz"
  "version" "5.1.1"

"@pixi/filter-bloom@5.1.1":
  "integrity" "sha512-4/i+tMxAQdgezahxsVCqzkAyBAH4TxtuY/zo1wuCJybEqkKFIzOJ76Y4R/lJevEHS9CGpCTrvjRpup0Hze8k0Q=="
  "resolved" "https://registry.npmjs.org/@pixi/filter-bloom/-/filter-bloom-5.1.1.tgz"
  "version" "5.1.1"

"@pixi/filter-blur@^7.0.0-X", "@pixi/filter-blur@7.3.3":
  "integrity" "sha512-AZzMbcFoL+uHxiVM2nQrQM0MQdLdd5mw7Fd4F60ROB96tmMK/M5W/FTqgdqXUQYld6wCFZKtJMulonVaPKLXDA=="
  "resolved" "https://registry.npmjs.org/@pixi/filter-blur/-/filter-blur-7.3.3.tgz"
  "version" "7.3.3"

"@pixi/filter-bulge-pinch@5.1.1":
  "integrity" "sha512-80I3g813td7Fnzi7IJSiR3z8gZlKblk6WN+5z6WnscQROcNEpck6lgWS/Lf/IdeHB/FtUKJCbx7RzxkUhiRTvA=="
  "resolved" "https://registry.npmjs.org/@pixi/filter-bulge-pinch/-/filter-bulge-pinch-5.1.1.tgz"
  "version" "5.1.1"

"@pixi/filter-color-gradient@5.2.0":
  "integrity" "sha512-po3JBEKgfowqhAh2D75Ii1bhNl1gA8Agt+ESIMnSbrTVIkemno8zOVlVmP7xaf8+PKYnX7JWH5buTnnDfA7Hnw=="
  "resolved" "https://registry.npmjs.org/@pixi/filter-color-gradient/-/filter-color-gradient-5.2.0.tgz"
  "version" "5.2.0"

"@pixi/filter-color-map@5.1.1":
  "integrity" "sha512-WvDKvweXkg/t9t40thFlN1d/kUrWXGsxpRpFPNmkrZF6hNxdRjqgfg4wxUOev7uZwHIjcZtTfoLRKhJjF+1uqw=="
  "resolved" "https://registry.npmjs.org/@pixi/filter-color-map/-/filter-color-map-5.1.1.tgz"
  "version" "5.1.1"

"@pixi/filter-color-matrix@7.3.3":
  "integrity" "sha512-Ot9lQ24lff4DPok0qy+c3IekfEuGf0Y1mx/dB3iLceys2hJHF5wK8rrhKrA1vc5IgrirbZpmjK8it9cVFzEW2g=="
  "resolved" "https://registry.npmjs.org/@pixi/filter-color-matrix/-/filter-color-matrix-7.3.3.tgz"
  "version" "7.3.3"

"@pixi/filter-color-overlay@5.1.1":
  "integrity" "sha512-u8xuWsUePQ1NFBqpxDAFEujW4kImFIIvlp4D2xbRZqJ0RRbeeKEW31Sk4cxl1yFJKWIq0XLyT/TAepT9iIlEXg=="
  "resolved" "https://registry.npmjs.org/@pixi/filter-color-overlay/-/filter-color-overlay-5.1.1.tgz"
  "version" "5.1.1"

"@pixi/filter-color-replace@5.1.1":
  "integrity" "sha512-t+FEEnuqvlU1cKMSe8939tIGCNJsqpyc7o5BzIunMxsZsHjMQWzZtWQKls+FSdSlFyk2TWYSXWAxtj2VBzBZBg=="
  "resolved" "https://registry.npmjs.org/@pixi/filter-color-replace/-/filter-color-replace-5.1.1.tgz"
  "version" "5.1.1"

"@pixi/filter-convolution@5.1.1":
  "integrity" "sha512-68NNa7lXBFlRgP/ac/L/0bKk/9QvU8urh7CEeOnR9WJxjymglbAa0nM69TBlhg++Fus3t7Mz/jc/GIfPJ/VL6Q=="
  "resolved" "https://registry.npmjs.org/@pixi/filter-convolution/-/filter-convolution-5.1.1.tgz"
  "version" "5.1.1"

"@pixi/filter-cross-hatch@5.1.1":
  "integrity" "sha512-g1hPHZYmGBpZtGojOtUOBWH6tqhtQGDo5xAp3o3gwmn2QnY087ZiYWFHF5ml+nTL62fEJ78uIpODscz4Y04e8w=="
  "resolved" "https://registry.npmjs.org/@pixi/filter-cross-hatch/-/filter-cross-hatch-5.1.1.tgz"
  "version" "5.1.1"

"@pixi/filter-crt@5.1.1":
  "integrity" "sha512-w+rRbR7eTsPf18QPB68Wiyx8laC+v7fYb3hRVhnq/j6yRUJKQgg4HK5KLP9jfUJ9FJvxy4bzLSDQulvxbOMJZg=="
  "resolved" "https://registry.npmjs.org/@pixi/filter-crt/-/filter-crt-5.1.1.tgz"
  "version" "5.1.1"

"@pixi/filter-displacement@7.3.3":
  "integrity" "sha512-fBnZTUmt6wwazdk/ZDW3HJEkf9s5b8uDuOwHvUAPWTJ6oYqwAjFXnrTlhEwB/Fp+0v6hUVVlHWEYk07HVgjEIg=="
  "resolved" "https://registry.npmjs.org/@pixi/filter-displacement/-/filter-displacement-7.3.3.tgz"
  "version" "7.3.3"

"@pixi/filter-dot@5.1.1":
  "integrity" "sha512-w3g6bumHzZgv9ktzegEWQS7OWuHH0QG76sbg/hZBy5K01dyuGAe1uUUnzVN5hZuFTD6q77T2UPlifhNI5j4ixg=="
  "resolved" "https://registry.npmjs.org/@pixi/filter-dot/-/filter-dot-5.1.1.tgz"
  "version" "5.1.1"

"@pixi/filter-drop-shadow@5.2.0":
  "integrity" "sha512-cYS2KDER7cwCu0V4VNSxTHGvzmNcEXdC9j3031YBOkUAE3+p17LMS/TAt6XeMfJV7KaPuusvXy2NFgGkv3RDbw=="
  "resolved" "https://registry.npmjs.org/@pixi/filter-drop-shadow/-/filter-drop-shadow-5.2.0.tgz"
  "version" "5.2.0"
  dependencies:
    "@pixi/filter-kawase-blur" "5.1.1"

"@pixi/filter-emboss@5.1.1":
  "integrity" "sha512-AoAFVzrMcCXldU+27hvJ95tcKNOVLnanlq1z838l2SzYGgso+ICbLauUz+o2PL/znudUJE6oky+I6WJzeavDsQ=="
  "resolved" "https://registry.npmjs.org/@pixi/filter-emboss/-/filter-emboss-5.1.1.tgz"
  "version" "5.1.1"

"@pixi/filter-fxaa@7.3.3":
  "integrity" "sha512-xq5xcpu68axMrGsVOcpxqebLAa+B4yBSLQlI2rsn7s8YtWY+pC20lsaNnKDlrv9hwJ1Ah7BtBZy0EVVaeFNYqA=="
  "resolved" "https://registry.npmjs.org/@pixi/filter-fxaa/-/filter-fxaa-7.3.3.tgz"
  "version" "7.3.3"

"@pixi/filter-glitch@5.1.1":
  "integrity" "sha512-pl6jOQlzQGg6NwqCwlgioYhlwue2OSRBGByDzh6Y6Y/qxMBuzQi7W56GunhQW79Kpvj9ynDLAGxomvZsrX88qg=="
  "resolved" "https://registry.npmjs.org/@pixi/filter-glitch/-/filter-glitch-5.1.1.tgz"
  "version" "5.1.1"

"@pixi/filter-glow@5.2.1":
  "integrity" "sha512-94I4XePDF9yqqA6KQuhPSphEHPJ2lXfqJLn0Bes8VVdwft0Ianj1wALqjoSUeBWqiJbhjBEXGDNkRZhPHvY3Xg=="
  "resolved" "https://registry.npmjs.org/@pixi/filter-glow/-/filter-glow-5.2.1.tgz"
  "version" "5.2.1"

"@pixi/filter-godray@5.1.1":
  "integrity" "sha512-JCvNiKBF/01VyaBYzeusULg+h6kmBaYg0NruHwe/FaJMWCRIPOUBHMQIUavJR0JGE5s6bEIR8kRtdpf3RHiwqw=="
  "resolved" "https://registry.npmjs.org/@pixi/filter-godray/-/filter-godray-5.1.1.tgz"
  "version" "5.1.1"

"@pixi/filter-grayscale@5.1.1":
  "integrity" "sha512-tRyggOhTdAQlQpgH/IzjCbORICua/Gm0JkKGOcdDQOHqt4bTVvAehQ59e2+A6A1yA8pevu2L/C25qQhsPgNW9w=="
  "resolved" "https://registry.npmjs.org/@pixi/filter-grayscale/-/filter-grayscale-5.1.1.tgz"
  "version" "5.1.1"

"@pixi/filter-hsl-adjustment@5.2.0":
  "integrity" "sha512-BjmiKIJQuWNqMUjVUpqkM+HaInQzl7dCvYWj8wx9lSAwjzdOCRVVLbRLdO2TwGdwGIHjR3AylMxY1HZK3P4cLA=="
  "resolved" "https://registry.npmjs.org/@pixi/filter-hsl-adjustment/-/filter-hsl-adjustment-5.2.0.tgz"
  "version" "5.2.0"

"@pixi/filter-kawase-blur@5.1.1":
  "integrity" "sha512-nPnJ1ChBFP+4pgFCwC0RJgHAJCetiHcQU3INH7zCdq88cFABmVmhN+wCKRNg4H7lF1EJjaXgFDkTrTreOD/bnw=="
  "resolved" "https://registry.npmjs.org/@pixi/filter-kawase-blur/-/filter-kawase-blur-5.1.1.tgz"
  "version" "5.1.1"

"@pixi/filter-motion-blur@5.1.1":
  "integrity" "sha512-I94s3pW2GutjCyXiKQ/dI4Vl9JKne+Q8QgGRn1mrk0Uwg6DDO/OQI3jqv01S+SCTU3LZqhR/p8AQyxeDmOhr2w=="
  "resolved" "https://registry.npmjs.org/@pixi/filter-motion-blur/-/filter-motion-blur-5.1.1.tgz"
  "version" "5.1.1"

"@pixi/filter-multi-color-replace@5.1.1":
  "integrity" "sha512-P1shsJXEOpJGe9FdCUgCMi/nius86lBfb6cDIFM4oXdZfzuBUfWjZfUm7uofOvK7IWSrlXYrYoqp75H0XrLZ8A=="
  "resolved" "https://registry.npmjs.org/@pixi/filter-multi-color-replace/-/filter-multi-color-replace-5.1.1.tgz"
  "version" "5.1.1"

"@pixi/filter-noise@7.3.3":
  "integrity" "sha512-Hwwk1xLvA+0wTqJtKTnIGzyZmLubm5ylgqsMRHQqujDtVSIqE2SY1iVUcGA5vv31C7rFFkxGT4yhtfnYBNCvKQ=="
  "resolved" "https://registry.npmjs.org/@pixi/filter-noise/-/filter-noise-7.3.3.tgz"
  "version" "7.3.3"

"@pixi/filter-old-film@5.1.1":
  "integrity" "sha512-Jgq3eLbcQW48o+YxLe8+T4vsQrvBnKrZAHS3cu3yc2aBLaiVIj8EfYP3vpOPjkQlZ7JVRZNdELpYA6KCR+abXw=="
  "resolved" "https://registry.npmjs.org/@pixi/filter-old-film/-/filter-old-film-5.1.1.tgz"
  "version" "5.1.1"

"@pixi/filter-outline@5.2.0":
  "integrity" "sha512-xKfAouhZNKl6A0RvxT5i+2/ean7r16dE/QswwIkbWvr2hhHlp4p9U6XsqdgUERCDxK+IZibMAumbWs4DGxOUeQ=="
  "resolved" "https://registry.npmjs.org/@pixi/filter-outline/-/filter-outline-5.2.0.tgz"
  "version" "5.2.0"

"@pixi/filter-pixelate@5.1.1":
  "integrity" "sha512-qTs0Sv10aIbMFW//BPlhcFh1ByyKiVmvXfytYTTXNLrlK5DU3H3x8Pgy5Vy4lacS9VtOO69/CQ1QObBFCHnEBQ=="
  "resolved" "https://registry.npmjs.org/@pixi/filter-pixelate/-/filter-pixelate-5.1.1.tgz"
  "version" "5.1.1"

"@pixi/filter-radial-blur@5.1.1":
  "integrity" "sha512-q6RreUM+RO25HZaxc6ceEOSi6chadv8vrCOvupNLSY+1lvXue0KyFK6vxMcMInNdqRGYWSyJ+ql3RyHMTr93aw=="
  "resolved" "https://registry.npmjs.org/@pixi/filter-radial-blur/-/filter-radial-blur-5.1.1.tgz"
  "version" "5.1.1"

"@pixi/filter-reflection@5.1.1":
  "integrity" "sha512-ksmfrRfBqXZ+rEFuA0l2tf4k+yzTU8VcNMuhW7U+ggkWOP2OEHga+oOlJg6TnHjOEbxudCpag5Us6e9aCeKpEw=="
  "resolved" "https://registry.npmjs.org/@pixi/filter-reflection/-/filter-reflection-5.1.1.tgz"
  "version" "5.1.1"

"@pixi/filter-rgb-split@5.1.1":
  "integrity" "sha512-DEeAYoPU2lbUTeNYK8e6q89jqtLeUYSkEdFK/a9IyxYkvJP2CPk+nVXIe48v3wORUf5DdP20k6yQzqoPZyP3ww=="
  "resolved" "https://registry.npmjs.org/@pixi/filter-rgb-split/-/filter-rgb-split-5.1.1.tgz"
  "version" "5.1.1"

"@pixi/filter-shockwave@5.1.1":
  "integrity" "sha512-ovzOdAC2LCyWdxJC5PW97wSzHTNfjmKq4c/61cIO4sZp+9DB6n3b/6Rrad2jU346UATtM6K2XkmPY5p7SrRRXA=="
  "resolved" "https://registry.npmjs.org/@pixi/filter-shockwave/-/filter-shockwave-5.1.1.tgz"
  "version" "5.1.1"

"@pixi/filter-simple-lightmap@5.1.1":
  "integrity" "sha512-S3cHUgbVvUgeef93f3trdL50+162Nyqa7DBYufkGw0dPjPecXyjTH47GJzxDqQPooRwHWWUG9W5EYC+XEwlV9w=="
  "resolved" "https://registry.npmjs.org/@pixi/filter-simple-lightmap/-/filter-simple-lightmap-5.1.1.tgz"
  "version" "5.1.1"

"@pixi/filter-tilt-shift@5.2.0":
  "integrity" "sha512-bCQE/BTGsqu8EhRMyiGg+9/FXsPBYxjfODbGTWWQNsXtbFVqZXvg1vEjUZQXvuso1v/Fh/BtZ3u+t2kFfWpBXA=="
  "resolved" "https://registry.npmjs.org/@pixi/filter-tilt-shift/-/filter-tilt-shift-5.2.0.tgz"
  "version" "5.2.0"

"@pixi/filter-twist@5.1.1":
  "integrity" "sha512-ZUxLmSHu7ZcP1OYmO9EsKgWDV/Ophf622N7YVei4opBrj/gBMuQZNvFIfnsm4l8yhqAwwzndSTVLNehq1A2ONw=="
  "resolved" "https://registry.npmjs.org/@pixi/filter-twist/-/filter-twist-5.1.1.tgz"
  "version" "5.1.1"

"@pixi/filter-zoom-blur@5.1.1":
  "integrity" "sha512-0n10xOqACC2vm9Lpsq37Y/edDvp/B7xsBdkuWxeCI7Ta7J22fsJ8IHG1iUyxgdZGa+SCPcKiFoTrYEUu5PLCpA=="
  "resolved" "https://registry.npmjs.org/@pixi/filter-zoom-blur/-/filter-zoom-blur-5.1.1.tgz"
  "version" "5.1.1"

"@pixi/graphics@7.3.3":
  "integrity" "sha512-czX/SEQTSCI3kkH5DFAcchPaPYOAF7cz1P5K2hVvClE/bbbIWN0H2sBIF6pIY1ENkZ0aguQs36yDeXUDWXyoiQ=="
  "resolved" "https://registry.npmjs.org/@pixi/graphics/-/graphics-7.3.3.tgz"
  "version" "7.3.3"

"@pixi/math@7.3.3":
  "integrity" "sha512-kaHN6iusINPS0wIbrhP82za+B2qNDWHPHip/QtmpQTp81ibOIfHlDMOlsnE6rSdelTFNhrNWoTWU8IvXUbvy8g=="
  "resolved" "https://registry.npmjs.org/@pixi/math/-/math-7.3.3.tgz"
  "version" "7.3.3"

"@pixi/mesh-extras@7.3.3":
  "integrity" "sha512-2TW1n97PpSZIZomfoEcKezGeGLPyd82ng2u8SXQoy9keCmB2yK361/RO88jvWbY4qpnJn/89LiLyYEBiJtSmWg=="
  "resolved" "https://registry.npmjs.org/@pixi/mesh-extras/-/mesh-extras-7.3.3.tgz"
  "version" "7.3.3"

"@pixi/mesh@7.3.3":
  "integrity" "sha512-8G3FO44wLDimNlCqXBKF+zQ3nBqJ4kMBbIjGxRaRkJmahcMYkY2zJpYsYh1YqKQztL9UmcP5V170VEIcPsmaJw=="
  "resolved" "https://registry.npmjs.org/@pixi/mesh/-/mesh-7.3.3.tgz"
  "version" "7.3.3"

"@pixi/mixin-cache-as-bitmap@7.3.3":
  "integrity" "sha512-Vv/H24CADY5w2DZaTYhXsfr8wAyKsg6gYn0DLgWDnAI3PWkRcB0fVDfowlHAEzltfxyH4tp9LVc2jtbEIKfSlQ=="
  "resolved" "https://registry.npmjs.org/@pixi/mixin-cache-as-bitmap/-/mixin-cache-as-bitmap-7.3.3.tgz"
  "version" "7.3.3"

"@pixi/mixin-get-child-by-name@7.3.3":
  "integrity" "sha512-75vlViVaynPyIYQIaoU08k1iP+8s9ct2YEnW91vyiHGxxE7BBimiYomWkAUYXtSnaSFoDkNPOh7iI91Icmkf+w=="
  "resolved" "https://registry.npmjs.org/@pixi/mixin-get-child-by-name/-/mixin-get-child-by-name-7.3.3.tgz"
  "version" "7.3.3"

"@pixi/mixin-get-global-position@7.3.3":
  "integrity" "sha512-ZEScRlx/KSr0z40+xqF9jl9N8j0aFZCNwSluoMLuFecvn4kpaCQx8i4F8j+GkkdrnCfanSYE9ySADlUCsKmzHA=="
  "resolved" "https://registry.npmjs.org/@pixi/mixin-get-global-position/-/mixin-get-global-position-7.3.3.tgz"
  "version" "7.3.3"

"@pixi/particle-container@7.3.3":
  "integrity" "sha512-OxigacwSbPjVogahmBYUiYMIH+NhNa+jvGAk5OYEF431gcVmjtravPbk7mmFdGKmOMICztSyVX8kOyhXxCv63A=="
  "resolved" "https://registry.npmjs.org/@pixi/particle-container/-/particle-container-7.3.3.tgz"
  "version" "7.3.3"

"@pixi/prepare@7.3.3":
  "integrity" "sha512-2SdTyHJSDZeaEMuxXqOX01FUDhIjfWUmVCufLXxzjd8gZ52RWBpohl2gDRszPJMyPox142xzUiCnb4RuNXGHDw=="
  "resolved" "https://registry.npmjs.org/@pixi/prepare/-/prepare-7.3.3.tgz"
  "version" "7.3.3"

"@pixi/runner@7.3.3":
  "integrity" "sha512-LUObHyxM3tK504ChbioYySZhFhyNs779uA71fuWSFV04Ry0WNlbqVvwTbKGkyR6er6blfxdqk7d51WmuQtfLCg=="
  "resolved" "https://registry.npmjs.org/@pixi/runner/-/runner-7.3.3.tgz"
  "version" "7.3.3"

"@pixi/settings@7.3.3":
  "integrity" "sha512-a1OePduDPOfnrCm1U1RL7JhuEAncA5/jNwF51urclXU6HNTHiJT41/S6KELPoV8NbLyJCKtnKwzbbPkzKwc0Yg=="
  "resolved" "https://registry.npmjs.org/@pixi/settings/-/settings-7.3.3.tgz"
  "version" "7.3.3"
  dependencies:
    "@pixi/constants" "7.3.3"
    "@types/css-font-loading-module" "^0.0.12"
    "ismobilejs" "^1.1.0"

"@pixi/sound@^5.2.1":
  "integrity" "sha512-WjUDD24nQaAA2+aHbvDbgB/9l/kni3aNlZSmunU99KBGrQ9NfGS/VvAUxA88b7eOLXNvskzW2cvEnGMbltRiFA=="
  "resolved" "https://registry.npmjs.org/@pixi/sound/-/sound-5.2.2.tgz"
  "version" "5.2.2"

"@pixi/sprite-animated@7.3.3":
  "integrity" "sha512-BYvehHk3PlNln9tRfZ/zGp2MzVwRjggFe+s4NCQd1EU/NPQewqJGCAiQFB4Gc3hFK2Y8wkW7SpGAzuk/E2WTxg=="
  "resolved" "https://registry.npmjs.org/@pixi/sprite-animated/-/sprite-animated-7.3.3.tgz"
  "version" "7.3.3"

"@pixi/sprite-tiling@7.3.3":
  "integrity" "sha512-T4ms0TcfKq7JNRaUBaQyZsaxWziPh2EY10vFQEG17J3uyCrjQmN4dDS9AMoaltL1K3vh+CTSUnWO8S8mE1dn4Q=="
  "resolved" "https://registry.npmjs.org/@pixi/sprite-tiling/-/sprite-tiling-7.3.3.tgz"
  "version" "7.3.3"

"@pixi/sprite@7.3.3":
  "integrity" "sha512-P/RxnvNV0PiuyaT9HA8F1aX9krp1BgjllBQcn6KHVxyAP8tJE0TD9pfHOU1+xRuoX37swXRQiDFTF6YvWzozUQ=="
  "resolved" "https://registry.npmjs.org/@pixi/sprite/-/sprite-7.3.3.tgz"
  "version" "7.3.3"

"@pixi/spritesheet@7.3.3":
  "integrity" "sha512-aAebizGNiKijWmJ39bnAb8FbuXbxRINuWZ2xt7ANzJQxhbo7dX+qlF4pz91yj3gHQaulzJM2oKz4a5q6cHa7dw=="
  "resolved" "https://registry.npmjs.org/@pixi/spritesheet/-/spritesheet-7.3.3.tgz"
  "version" "7.3.3"

"@pixi/text-bitmap@7.3.3":
  "integrity" "sha512-2IOBoSHtb2e1aoxB/pfJPFW34XeY8HpDtGJKn3F9IUYpBo6nnnZ6DuJNZyFG2r/hiytjVvulqI66CzOH/eJJ4A=="
  "resolved" "https://registry.npmjs.org/@pixi/text-bitmap/-/text-bitmap-7.3.3.tgz"
  "version" "7.3.3"

"@pixi/text-html@7.3.3":
  "integrity" "sha512-z8vsgsqVJuFEVX07wh0IYAwQ5DBiel8Lhxo2Ly8594O0mIdQ1IPvtAPv+WRyG35WT0i26J7GL2BZxURouDP2WA=="
  "resolved" "https://registry.npmjs.org/@pixi/text-html/-/text-html-7.3.3.tgz"
  "version" "7.3.3"

"@pixi/text@7.3.3":
  "integrity" "sha512-s9BLmiURYeJppPYB040jrGbtbsWM9PcXSRtr40xrbR0a+HPlxDEWCaHka9DiUFr/lIuOpA0y/YjmZskq5o5R7g=="
  "resolved" "https://registry.npmjs.org/@pixi/text/-/text-7.3.3.tgz"
  "version" "7.3.3"

"@pixi/ticker@7.3.3":
  "integrity" "sha512-AxeMKP9vTcla+yYXCABc0uKUODjIsJRXk3DCHVpoPeeqRYPaKH291RtDw92QFw7FFgGBbRgsptBjF9Q+uO5hDA=="
  "resolved" "https://registry.npmjs.org/@pixi/ticker/-/ticker-7.3.3.tgz"
  "version" "7.3.3"
  dependencies:
    "@pixi/extensions" "7.3.3"
    "@pixi/settings" "7.3.3"
    "@pixi/utils" "7.3.3"

"@pixi/utils@7.3.3":
  "integrity" "sha512-rgWD0YV6oDKOVuQJ9ra6g3VdoN8usC6Kj/t3Ba1t9P+k9qUKIM0gCr9/bxFf7CJ/EUS8A2WTVfEmJVN2TwZfxg=="
  "resolved" "https://registry.npmjs.org/@pixi/utils/-/utils-7.3.3.tgz"
  "version" "7.3.3"
  dependencies:
    "@pixi/color" "7.3.3"
    "@pixi/constants" "7.3.3"
    "@pixi/settings" "7.3.3"
    "@types/earcut" "^2.1.0"
    "earcut" "^2.2.4"
    "eventemitter3" "^4.0.0"
    "url" "^0.11.0"

"@types/css-font-loading-module@^0.0.12":
  "integrity" "sha512-x2tZZYkSxXqWvTDgveSynfjq/T2HyiZHXb00j/+gy19yp70PHCizM48XFdjBCWH7eHBD0R5i/pw9yMBP/BH5uA=="
  "resolved" "https://registry.npmjs.org/@types/css-font-loading-module/-/css-font-loading-module-0.0.12.tgz"
  "version" "0.0.12"

"@types/earcut@^2.1.0":
  "integrity" "sha512-qp3m9PPz4gULB9MhjGID7wpo3gJ4bTGXm7ltNDsmOvsPduTeHp8wSW9YckBj3mljeOh4F0m2z/0JKAALRKbmLQ=="
  "resolved" "https://registry.npmjs.org/@types/earcut/-/earcut-2.1.4.tgz"
  "version" "2.1.4"

"@types/offscreencanvas@^2019.6.4":
  "integrity" "sha512-ieXiYmgSRXUDeOntE1InxjWyvEelZGP63M+cGuquuRLuIKKT1osnkXjxev9B7d1nXSug5vpunx+gNlbVxMlC9A=="
  "resolved" "https://registry.npmjs.org/@types/offscreencanvas/-/offscreencanvas-2019.7.3.tgz"
  "version" "2019.7.3"

"call-bind@^1.0.0":
  "integrity" "sha512-C3nQxfFZxFRVoJoGKKI8y3MOEo129NQ+FgQ08iye+Mk4zNZZGdjfs06bVTr+DBSlA66Q2VEcMki/cUCP4SercQ=="
  "resolved" "https://registry.npmjs.org/call-bind/-/call-bind-1.0.5.tgz"
  "version" "1.0.5"
  dependencies:
    "function-bind" "^1.1.2"
    "get-intrinsic" "^1.2.1"
    "set-function-length" "^1.1.1"

"define-data-property@^1.1.1":
  "integrity" "sha512-E7uGkTzkk1d0ByLeSc6ZsFS79Axg+m1P/VsgYsxHgiuc3tFSj+MjMIwe90FC4lOAZzNBdY7kkO2P2wKdsQ1vgQ=="
  "resolved" "https://registry.npmjs.org/define-data-property/-/define-data-property-1.1.1.tgz"
  "version" "1.1.1"
  dependencies:
    "get-intrinsic" "^1.2.1"
    "gopd" "^1.0.1"
    "has-property-descriptors" "^1.0.0"

"earcut@^2.2.4":
  "integrity" "sha512-/pjZsA1b4RPHbeWZQn66SWS8nZZWLQQ23oE3Eam7aroEFGEvwKAsJfZ9ytiEMycfzXWpca4FA9QIOehf7PocBQ=="
  "resolved" "https://registry.npmjs.org/earcut/-/earcut-2.2.4.tgz"
  "version" "2.2.4"

"esbuild@^0.18.10":
  "integrity" "sha512-ceqxoedUrcayh7Y7ZX6NdbbDzGROiyVBgC4PriJThBKSVPWnnFHZAkfI1lJT8QFkOwH4qOS2SJkS4wvpGl8BpA=="
  "resolved" "https://registry.npmjs.org/esbuild/-/esbuild-0.18.20.tgz"
  "version" "0.18.20"
  optionalDependencies:
    "@esbuild/android-arm" "0.18.20"
    "@esbuild/android-arm64" "0.18.20"
    "@esbuild/android-x64" "0.18.20"
    "@esbuild/darwin-arm64" "0.18.20"
    "@esbuild/darwin-x64" "0.18.20"
    "@esbuild/freebsd-arm64" "0.18.20"
    "@esbuild/freebsd-x64" "0.18.20"
    "@esbuild/linux-arm" "0.18.20"
    "@esbuild/linux-arm64" "0.18.20"
    "@esbuild/linux-ia32" "0.18.20"
    "@esbuild/linux-loong64" "0.18.20"
    "@esbuild/linux-mips64el" "0.18.20"
    "@esbuild/linux-ppc64" "0.18.20"
    "@esbuild/linux-riscv64" "0.18.20"
    "@esbuild/linux-s390x" "0.18.20"
    "@esbuild/linux-x64" "0.18.20"
    "@esbuild/netbsd-x64" "0.18.20"
    "@esbuild/openbsd-x64" "0.18.20"
    "@esbuild/sunos-x64" "0.18.20"
    "@esbuild/win32-arm64" "0.18.20"
    "@esbuild/win32-ia32" "0.18.20"
    "@esbuild/win32-x64" "0.18.20"

"eventemitter3@^4.0.0":
  "integrity" "sha512-8guHBZCwKnFhYdHr2ysuRWErTwhoN2X8XELRlrRwpmfeY2jjuUN4taQMsULKUVo1K4DvZl+0pgfyoysHxvmvEw=="
  "resolved" "https://registry.npmjs.org/eventemitter3/-/eventemitter3-4.0.7.tgz"
  "version" "4.0.7"

"function-bind@^1.1.2":
  "integrity" "sha512-7XHNxH7qX9xG5mIwxkhumTox/MIRNcOgDrxWsMt2pAr23WHp6MrRlN7FBSFpCpr+oVO0F744iUgR82nJMfG2SA=="
  "resolved" "https://registry.npmjs.org/function-bind/-/function-bind-1.1.2.tgz"
  "version" "1.1.2"

"get-intrinsic@^1.0.2", "get-intrinsic@^1.1.3", "get-intrinsic@^1.2.1", "get-intrinsic@^1.2.2":
  "integrity" "sha512-0gSo4ml/0j98Y3lngkFEot/zhiCeWsbYIlZ+uZOVgzLyLaUw7wxUL+nCTP0XJvJg1AXulJRI3UJi8GsbDuxdGA=="
  "resolved" "https://registry.npmjs.org/get-intrinsic/-/get-intrinsic-1.2.2.tgz"
  "version" "1.2.2"
  dependencies:
    "function-bind" "^1.1.2"
    "has-proto" "^1.0.1"
    "has-symbols" "^1.0.3"
    "hasown" "^2.0.0"

"gopd@^1.0.1":
  "integrity" "sha512-d65bNlIadxvpb/A2abVdlqKqV563juRnZ1Wtk6s1sIR8uNsXR70xqIzVqxVf1eTqDunwT2MkczEeaezCKTZhwA=="
  "resolved" "https://registry.npmjs.org/gopd/-/gopd-1.0.1.tgz"
  "version" "1.0.1"
  dependencies:
    "get-intrinsic" "^1.1.3"

"has-property-descriptors@^1.0.0":
  "integrity" "sha512-VsX8eaIewvas0xnvinAe9bw4WfIeODpGYikiWYLH+dma0Jw6KHYqWiWfhQlgOVK8D6PvjubK5Uc4P0iIhIcNVg=="
  "resolved" "https://registry.npmjs.org/has-property-descriptors/-/has-property-descriptors-1.0.1.tgz"
  "version" "1.0.1"
  dependencies:
    "get-intrinsic" "^1.2.2"

"has-proto@^1.0.1":
  "integrity" "sha512-7qE+iP+O+bgF9clE5+UoBFzE65mlBiVj3tKCrlNQ0Ogwm0BjpT/gK4SlLYDMybDh5I3TCTKnPPa0oMG7JDYrhg=="
  "resolved" "https://registry.npmjs.org/has-proto/-/has-proto-1.0.1.tgz"
  "version" "1.0.1"

"has-symbols@^1.0.3":
  "integrity" "sha512-l3LCuF6MgDNwTDKkdYGEihYjt5pRPbEg46rtlmnSPlUbgmB8LOIrKJbYYFBSbnPaJexMKtiPO8hmeRjRz2Td+A=="
  "resolved" "https://registry.npmjs.org/has-symbols/-/has-symbols-1.0.3.tgz"
  "version" "1.0.3"

"hasown@^2.0.0":
  "integrity" "sha512-vUptKVTpIJhcczKBbgnS+RtcuYMB8+oNzPK2/Hp3hanz8JmpATdmmgLgSaadVREkDm+e2giHwY3ZRkyjSIDDFA=="
  "resolved" "https://registry.npmjs.org/hasown/-/hasown-2.0.0.tgz"
  "version" "2.0.0"
  dependencies:
    "function-bind" "^1.1.2"

"ismobilejs@^1.1.0":
  "integrity" "sha512-VaFW53yt8QO61k2WJui0dHf4SlL8lxBofUuUmwBo0ljPk0Drz2TiuDW4jo3wDcv41qy/SxrJ+VAzJ/qYqsmzRw=="
  "resolved" "https://registry.npmjs.org/ismobilejs/-/ismobilejs-1.1.1.tgz"
  "version" "1.1.1"

"matter-js@^0.19.0":
  "integrity" "sha512-v2huwvQGOHTGOkMqtHd2hercCG3f6QAObTisPPHg8TZqq2lz7eIY/5i/5YUV8Ibf3mEioFEmwibcPUF2/fnKKQ=="
  "resolved" "https://registry.npmjs.org/matter-js/-/matter-js-0.19.0.tgz"
  "version" "0.19.0"

"nanoid@^3.3.7":
  "integrity" "sha512-eSRppjcPIatRIMC1U6UngP8XFcz8MQWGQdt1MTBQ7NaAmvXDfvNxbvWV3x2y6CdEUciCSsDHDQZbhYaB8QEo2g=="
  "resolved" "https://registry.npmjs.org/nanoid/-/nanoid-3.3.7.tgz"
  "version" "3.3.7"

"object-inspect@^1.9.0":
  "integrity" "sha512-5qoj1RUiKOMsCCNLV1CBiPYE10sziTsnmNxkAI/rZhiD63CF7IqdFGC/XzjWjpSgLf0LxXX3bDFIh0E18f6UhQ=="
  "resolved" "https://registry.npmjs.org/object-inspect/-/object-inspect-1.13.1.tgz"
  "version" "1.13.1"

"picocolors@^1.0.0":
  "integrity" "sha512-1fygroTLlHu66zi26VoTDv8yRgm0Fccecssto+MhsZ0D/DGW2sm8E8AjW7NU5VVTRt5GxbeZ5qBuJr+HyLYkjQ=="
  "resolved" "https://registry.npmjs.org/picocolors/-/picocolors-1.0.0.tgz"
  "version" "1.0.0"

"pixi-filters@^5.2.1":
  "integrity" "sha512-lsRakKJfK0iH+aCCVePQcSb477hFiS20CR2p4u7xS6RO7q5qh5GhAyGqWdgYZlUT5WLSW0kxAV+FddYLs9z9Sg=="
  "resolved" "https://registry.npmjs.org/pixi-filters/-/pixi-filters-5.2.1.tgz"
  "version" "5.2.1"
  dependencies:
    "@pixi/filter-adjustment" "5.1.1"
    "@pixi/filter-advanced-bloom" "5.1.1"
    "@pixi/filter-ascii" "5.1.1"
    "@pixi/filter-bevel" "5.1.1"
    "@pixi/filter-bloom" "5.1.1"
    "@pixi/filter-bulge-pinch" "5.1.1"
    "@pixi/filter-color-gradient" "5.2.0"
    "@pixi/filter-color-map" "5.1.1"
    "@pixi/filter-color-overlay" "5.1.1"
    "@pixi/filter-color-replace" "5.1.1"
    "@pixi/filter-convolution" "5.1.1"
    "@pixi/filter-cross-hatch" "5.1.1"
    "@pixi/filter-crt" "5.1.1"
    "@pixi/filter-dot" "5.1.1"
    "@pixi/filter-drop-shadow" "5.2.0"
    "@pixi/filter-emboss" "5.1.1"
    "@pixi/filter-glitch" "5.1.1"
    "@pixi/filter-glow" "5.2.1"
    "@pixi/filter-godray" "5.1.1"
    "@pixi/filter-grayscale" "5.1.1"
    "@pixi/filter-hsl-adjustment" "5.2.0"
    "@pixi/filter-kawase-blur" "5.1.1"
    "@pixi/filter-motion-blur" "5.1.1"
    "@pixi/filter-multi-color-replace" "5.1.1"
    "@pixi/filter-old-film" "5.1.1"
    "@pixi/filter-outline" "5.2.0"
    "@pixi/filter-pixelate" "5.1.1"
    "@pixi/filter-radial-blur" "5.1.1"
    "@pixi/filter-reflection" "5.1.1"
    "@pixi/filter-rgb-split" "5.1.1"
    "@pixi/filter-shockwave" "5.1.1"
    "@pixi/filter-simple-lightmap" "5.1.1"
    "@pixi/filter-tilt-shift" "5.2.0"
    "@pixi/filter-twist" "5.1.1"
    "@pixi/filter-zoom-blur" "5.1.1"

"pixi.js@^7.3.1":
  "integrity" "sha512-EuAyWZBL5lKViCgYkB6dbwkiI/MNht8O8F8956up9vwGEGf659QRHxfVQoRj8zdNGOBbe51XAxQMfLaW/l0Ekg=="
  "resolved" "https://registry.npmjs.org/pixi.js/-/pixi.js-7.3.3.tgz"
  "version" "7.3.3"
  dependencies:
    "@pixi/accessibility" "7.3.3"
    "@pixi/app" "7.3.3"
    "@pixi/assets" "7.3.3"
    "@pixi/compressed-textures" "7.3.3"
    "@pixi/core" "7.3.3"
    "@pixi/display" "7.3.3"
    "@pixi/events" "7.3.3"
    "@pixi/extensions" "7.3.3"
    "@pixi/extract" "7.3.3"
    "@pixi/filter-alpha" "7.3.3"
    "@pixi/filter-blur" "7.3.3"
    "@pixi/filter-color-matrix" "7.3.3"
    "@pixi/filter-displacement" "7.3.3"
    "@pixi/filter-fxaa" "7.3.3"
    "@pixi/filter-noise" "7.3.3"
    "@pixi/graphics" "7.3.3"
    "@pixi/mesh" "7.3.3"
    "@pixi/mesh-extras" "7.3.3"
    "@pixi/mixin-cache-as-bitmap" "7.3.3"
    "@pixi/mixin-get-child-by-name" "7.3.3"
    "@pixi/mixin-get-global-position" "7.3.3"
    "@pixi/particle-container" "7.3.3"
    "@pixi/prepare" "7.3.3"
    "@pixi/sprite" "7.3.3"
    "@pixi/sprite-animated" "7.3.3"
    "@pixi/sprite-tiling" "7.3.3"
    "@pixi/spritesheet" "7.3.3"
    "@pixi/text" "7.3.3"
    "@pixi/text-bitmap" "7.3.3"
    "@pixi/text-html" "7.3.3"

"postcss@^8.4.27":
  "integrity" "sha512-Kkpbhhdjw2qQs2O2DGX+8m5OVqEcbB9HRBvuYM9pgrjEFUg30A9LmXNlTAUj4S9kgtGyrMbTzVjH7E+s5Re2yg=="
  "resolved" "https://registry.npmjs.org/postcss/-/postcss-8.4.33.tgz"
  "version" "8.4.33"
  dependencies:
    "nanoid" "^3.3.7"
    "picocolors" "^1.0.0"
    "source-map-js" "^1.0.2"

"punycode@^1.4.1":
  "integrity" "sha512-jmYNElW7yvO7TV33CjSmvSiE2yco3bV2czu/OzDKdMNVZQWfxCblURLhf+47syQRBntjfLdd/H0egrzIG+oaFQ=="
  "resolved" "https://registry.npmjs.org/punycode/-/punycode-1.4.1.tgz"
  "version" "1.4.1"

"qs@^6.11.2":
  "integrity" "sha512-tDNIz22aBzCDxLtVH++VnTfzxlfeK5CbqohpSqpJgj1Wg/cQbStNAz3NuqCs5vV+pjBsK4x4pN9HlVh7rcYRiA=="
  "resolved" "https://registry.npmjs.org/qs/-/qs-6.11.2.tgz"
  "version" "6.11.2"
  dependencies:
    "side-channel" "^1.0.4"

"rollup@^3.27.1":
  "integrity" "sha512-oWzmBZwvYrU0iJHtDmhsm662rC15FRXmcjCk1xD771dFDx5jJ02ufAQQTn0etB2emNk4J9EZg/yWKpsn9BWGRw=="
  "resolved" "https://registry.npmjs.org/rollup/-/rollup-3.29.4.tgz"
  "version" "3.29.4"
  optionalDependencies:
    "fsevents" "~2.3.2"

"set-function-length@^1.1.1":
  "integrity" "sha512-VoaqjbBJKiWtg4yRcKBQ7g7wnGnLV3M8oLvVWwOk2PdYY6PEFegR1vezXR0tw6fZGF9csVakIRjrJiy2veSBFQ=="
  "resolved" "https://registry.npmjs.org/set-function-length/-/set-function-length-1.1.1.tgz"
  "version" "1.1.1"
  dependencies:
    "define-data-property" "^1.1.1"
    "get-intrinsic" "^1.2.1"
    "gopd" "^1.0.1"
    "has-property-descriptors" "^1.0.0"

"side-channel@^1.0.4":
  "integrity" "sha512-q5XPytqFEIKHkGdiMIrY10mvLRvnQh42/+GoBlFW3b2LXLE2xxJpZFdm94we0BaoV3RwJyGqg5wS7epxTv0Zvw=="
  "resolved" "https://registry.npmjs.org/side-channel/-/side-channel-1.0.4.tgz"
  "version" "1.0.4"
  dependencies:
    "call-bind" "^1.0.0"
    "get-intrinsic" "^1.0.2"
    "object-inspect" "^1.9.0"

"source-map-js@^1.0.2":
  "integrity" "sha512-R0XvVJ9WusLiqTCEiGCmICCMplcCkIwwR11mOSD9CR5u+IXYdiseeEuXCVAjS54zqwkLcPNnmU4OeJ6tUrWhDw=="
  "resolved" "https://registry.npmjs.org/source-map-js/-/source-map-js-1.0.2.tgz"
  "version" "1.0.2"

"tweedle.js@^2.1.0":
  "integrity" "sha512-0ReQgVjepoZkE6t0upWNgCRbplHkQJQYk1LStXugwSR728GLFmGDRuaQJlxeC/iBlxud6+P1RdODjaO25vHAqw=="
  "resolved" "https://registry.npmjs.org/tweedle.js/-/tweedle.js-2.1.0.tgz"
  "version" "2.1.0"

"url@^0.11.0":
  "integrity" "sha512-6hxOLGfZASQK/cijlZnZJTq8OXAkt/3YGfQX45vvMYXpZoo8NdWZcY73K108Jf759lS1Bv/8wXnHDTSz17dSRw=="
  "resolved" "https://registry.npmjs.org/url/-/url-0.11.3.tgz"
  "version" "0.11.3"
  dependencies:
    "punycode" "^1.4.1"
    "qs" "^6.11.2"

"vite@^4.4.5":
  "integrity" "sha512-AXXFaAJ8yebyqzoNB9fu2pHoo/nWX+xZlaRwoeYUxEqBO+Zj4msE5G+BhGBll9lYEKv9Hfks52PAF2X7qDYXQA=="
  "resolved" "https://registry.npmjs.org/vite/-/vite-4.5.1.tgz"
  "version" "4.5.1"
  dependencies:
    "esbuild" "^0.18.10"
    "postcss" "^8.4.27"
    "rollup" "^3.27.1"
  optionalDependencies:
    "fsevents" "~2.3.2"
